#MicroXplorer Configuration settings - do not modify
VP_TIM5_VS_ClockSourceINT.Mode=Internal
Dma.USART2_RX.5.RequestParameters=Instance,Direction,PeriphInc,MemInc,PeriphDataAlignment,MemDataAlignment,Mode,Priority,FIFOMode
RCC.USART1Freq_Value=108000000
USART2.IPParameters=VirtualMode-Asynchronous,VirtualMode-Hardware Flow Control (RS485),OverSampling,UART_DEPolarity
SPI3.Direction=SPI_DIRECTION_2LINES
SPI3.VirtualType=VM_MASTER
ADC3.SamplingTime-3\#ChannelInjectedConversion=ADC_SAMPLETIME_15CYCLES
VP_TIM5_VS_ClockSourceINT.Signal=TIM5_VS_ClockSourceINT
ADC3.ExternalTrigInjecConv=ADC_EXTERNALTRIGINJECCONV_T1_TRGO
PC12.Locked=true
TIM1.Pulse-PWM\ Generation1\ CH1\ CH1N=TIM1_PERIOD_CLOCKS/2
TIM1.IPParameters=Period,AutoReloadPreload,TIM_MasterOutputTrigger,Channel-PWM Generation1 CH1 CH1N,Channel-PWM Generation2 CH2 CH2N,Channel-PWM Generation3 CH3 CH3N,Pulse-PWM Generation1 CH1 CH1N,Pulse-PWM Generation2 CH2 CH2N,Pulse-PWM Generation3 CH3 CH3N,CounterMode,OCMode_PWM-PWM Generation3 CH3 CH3N,OCMode_PWM-PWM Generation2 CH2 CH2N,OCMode_PWM-PWM Generation1 CH1 CH1N,RepetitionCounter,Channel-PWM Generation4 No Output,OCMode_PWM-PWM Generation4 No Output,Pulse-PWM Generation4 No Output,TIM_MasterOutputTrigger2
ADC3.ExternalTrigInjecConvEdge=ADC_EXTERNALTRIGINJECCONVEDGE_RISINGFALLING
Dma.USART3_TX.3.MemInc=DMA_MINC_ENABLE
ADC1.SamplingTime-6\#ChannelRegularConversion=ADC_SAMPLETIME_15CYCLES
RCC.PLLCLKFreq_Value=216000000
PC12.Signal=SPI3_MOSI
RCC.PLLQCLKFreq_Value=48000000
PD8.Locked=true
ADC2.InjectedOffset-1\#ChannelInjectedConversion=0
ADC2.SamplingTime-4\#ChannelRegularConversion=ADC_SAMPLETIME_15CYCLES
Dma.USART3_RX.4.MemDataAlignment=DMA_MDATAALIGN_BYTE
SH.S_TIM1_CH1.ConfNb=1
USART1.IPParameters=VirtualMode-Asynchronous,BaudRate,OverSampling
Dma.USART3_TX.3.MemDataAlignment=DMA_MDATAALIGN_BYTE
VP_TIM8_VS_ClockSourceINT.Signal=TIM8_VS_ClockSourceINT
PinOutPanel.RotationAngle=0
ADC1.Channel-8\#ChannelRegularConversion=ADC_CHANNEL_8
RCC.SYSCLKSource=RCC_SYSCLKSOURCE_PLLCLK
TIM1.Pulse-PWM\ Generation2\ CH2\ CH2N=TIM1_PERIOD_CLOCKS/2
USART3.VirtualMode-Asynchronous=VM_ASYNC
RCC.LPTIM1Freq_Value=54000000
SH.GPXTI7.ConfNb=1
NVIC.SVCall_IRQn=true\:0\:0\:false\:false\:false\:false\:false\:false
PD14.GPIO_Speed=GPIO_SPEED_FREQ_LOW
Dma.USART2_TX.6.Direction=DMA_MEMORY_TO_PERIPH
USART3.BaudRate=2500000
Dma.USART1_TX.0.Direction=DMA_MEMORY_TO_PERIPH
ADC1.Channel-5\#ChannelRegularConversion=ADC_CHANNEL_1
PD7.GPIO_PuPd=GPIO_PULLDOWN
Dma.ADC2.7.Priority=DMA_PRIORITY_HIGH
RCC.I2C4Freq_Value=54000000
PD4.Signal=USART2_DE
RCC.APB2TimFreq_Value=216000000
PB6.Signal=S_TIM4_CH1
PC7.Signal=S_TIM8_CH2
ADC1.InjNumberOfConversion=2
Dma.ADC2.7.Mode=DMA_CIRCULAR
PH1/OSC_OUT.Signal=RCC_OSC_OUT
PC3.Signal=ADCx_IN13
RCC.SAI2Freq_Value=192000000
PD8.Signal=USART3_TX
PE10.Locked=true
FREERTOS.configMINIMAL_STACK_SIZE=1024
PE14.Locked=true
RCC.USART3Freq_Value=54000000
RCC.PLLSAIRCLKFreq_Value=192000000
ProjectManager.ProjectBuild=false
Dma.USART1_RX.1.PeriphDataAlignment=DMA_PDATAALIGN_BYTE
NVIC.UsageFault_IRQn=true\:0\:0\:false\:false\:true\:false\:false\:false
PA8.Locked=true
ADC3.SamplingTime-2\#ChannelRegularConversion=ADC_SAMPLETIME_3CYCLES
USART2.OverSampling=UART_OVERSAMPLING_8
SH.GPXTI7.0=GPIO_EXTI7
TIM12.Period=0xFFFF
ADC2.InjectedRank-6\#ChannelInjectedConversion=2
ProjectManager.FirmwarePackage=STM32Cube FW_F7 V1.16.0
MxDb.Version=DB.6.0.0
Dma.ADC1.2.MemDataAlignment=DMA_MDATAALIGN_WORD
ProjectManager.BackupPrevious=false
PE9.Signal=S_TIM1_CH1
SH.ADCx_IN8.1=ADC2_IN8,IN8
PB14.Mode=PWM Generation2 CH2 CH2N
SH.ADCx_IN1.ConfNb=2
FREERTOS.HEAP_NUMBER=3
SH.ADCx_IN8.0=ADC1_IN8,IN8
TIM1.OCMode_PWM-PWM\ Generation1\ CH1\ CH1N=TIM_OCMODE_PWM2
ADC3.IPParameters=Rank-2\#ChannelRegularConversion,Channel-2\#ChannelRegularConversion,SamplingTime-2\#ChannelRegularConversion,NbrOfConversionFlag,NbrOfConversion,InjectedRank-3\#ChannelInjectedConversion,Channel-3\#ChannelInjectedConversion,SamplingTime-3\#ChannelInjectedConversion,InjectedOffset-3\#ChannelInjectedConversion,InjNumberOfConversion,ExternalTrigInjecConv,ExternalTrigInjecConvEdge
Dma.ADC1.2.Direction=DMA_PERIPH_TO_MEMORY
SH.ADCx_IN11.ConfNb=1
SH.S_TIM4_CH2.0=TIM4_CH2,Encoder_Interface
PD14.GPIO_PuPd=GPIO_PULLUP
PA8.Signal=GPXTI8
ADC1.InjectedConvMode=None
PB6.Locked=true
NVIC.PendSV_IRQn=true\:15\:0\:false\:false\:false\:true\:false\:false
TIM4.Period=0xffff
ADC3.Channel-2\#ChannelRegularConversion=ADC_CHANNEL_2
Dma.USART1_TX.0.PeriphDataAlignment=DMA_PDATAALIGN_BYTE
PE10.Signal=TIM1_CH2N
ProjectManager.HalAssertFull=false
SH.S_TIM8_CH1.ConfNb=1
VP_TIM1_VS_ClockSourceINT.Mode=Internal
ADC1.SamplingTime-0\#ChannelRegularConversion=ADC_SAMPLETIME_15CYCLES
Dma.USART1_RX.1.Mode=DMA_CIRCULAR
Dma.ADC2.7.MemInc=DMA_MINC_ENABLE
RCC.MCO2PinFreq_Value=216000000
Mcu.Package=LQFP100
PB1.Signal=TIM8_CH3N
Dma.USART2_TX.6.PeriphDataAlignment=DMA_PDATAALIGN_BYTE
NVIC.TimeBase=TIM7_IRQn
SPI3.Mode=SPI_MODE_MASTER
PA8.GPIO_ModeDefaultEXTI=GPIO_MODE_IT_FALLING
SH.GPXTI8.0=GPIO_EXTI8
Dma.USART2_RX.5.PeriphDataAlignment=DMA_PDATAALIGN_BYTE
PD12.Signal=USART3_DE
PC14/OSC32_IN.GPIO_PuPd=GPIO_PULLUP
SH.GPXTI8.ConfNb=1
NVIC.TimeBaseIP=TIM7
TIM1.OCMode_PWM-PWM\ Generation3\ CH3\ CH3N=TIM_OCMODE_PWM2
USART3.IPParameters=VirtualMode-Asynchronous,VirtualMode-Hardware Flow Control (RS485),BaudRate,OverSampling
PA10.Signal=USART1_RX
PC11.Mode=Full_Duplex_Master
Dma.USART1_RX.1.PeriphInc=DMA_PINC_DISABLE
Dma.USART2_TX.6.RequestParameters=Instance,Direction,PeriphInc,MemInc,PeriphDataAlignment,MemDataAlignment,Mode,Priority,FIFOMode
RCC.APB2CLKDivider=RCC_HCLK_DIV2
NVIC.DMA2_Stream2_IRQn=true\:0\:0\:false\:false\:true\:true\:false\:true
PD4.Mode=Hardware Flow Control (RS485)
SH.S_TIM4_CH1.0=TIM4_CH1,Encoder_Interface
RCC.CECFreq_Value=32786.88524590164
RCC.APB1TimFreq_Value=108000000
NVIC.BusFault_IRQn=true\:0\:0\:false\:false\:true\:false\:false\:false
ADC2.Rank-2\#ChannelRegularConversion=2
TIM1.OCMode_PWM-PWM\ Generation2\ CH2\ CH2N=TIM_OCMODE_PWM2
TIM1.Period=TIM1_PERIOD_CLOCKS
USB_OTG_FS.IPParameters=VirtualMode
ADC2.ExternalTrigInjecConvEdge=ADC_EXTERNALTRIGINJECCONVEDGE_RISINGFALLING
ADC2.Channel-5\#ChannelRegularConversion=ADC_CHANNEL_8
NVIC.USART1_IRQn=true\:5\:0\:false\:false\:true\:true\:true\:true
NVIC.DMA1_Stream6_IRQn=true\:5\:0\:false\:false\:true\:true\:false\:true
ADC1.EOCSelection=ADC_EOC_SINGLE_CONV
ProjectManager.CustomerFirmwarePackage=
ADC2.ScanConvMode=ADC_SCAN_ENABLE
RCC.PLLSAIQCLKFreq_Value=192000000
Dma.ADC1.2.Mode=DMA_CIRCULAR
PA5.Mode=PWM Generation1 CH1 CH1N
SH.S_TIM8_CH3.0=TIM8_CH3,PWM Generation3 CH3 CH3N
PE12.Mode=PWM Generation3 CH3 CH3N
ADC3.Channel-3\#ChannelInjectedConversion=ADC_CHANNEL_2
Dma.USART2_TX.6.MemInc=DMA_MINC_ENABLE
PB7.GPIO_PuPd=GPIO_PULLDOWN
SH.S_TIM4_CH1.ConfNb=1
Dma.USART1_RX.1.Instance=DMA2_Stream5
RCC.PLLQoutputFreq_Value=48000000
ProjectManager.ProjectFileName=sigmadrive.ioc
Dma.USART1_RX.1.MemDataAlignment=DMA_MDATAALIGN_BYTE
FREERTOS.Tasks01=defaultTask,24,2048,StartDefaultTask,Default,NULL,Dynamic,NULL,NULL
ADC1.Rank-0\#ChannelRegularConversion=1
TIM5.IPParameters=Period
Mcu.PinsNb=54
ADC1.IPParameters=Rank-0\#ChannelRegularConversion,master,Channel-0\#ChannelRegularConversion,SamplingTime-0\#ChannelRegularConversion,NbrOfConversionFlag,NbrOfConversion,InjectedRank-1\#ChannelInjectedConversion,Channel-1\#ChannelInjectedConversion,SamplingTime-1\#ChannelInjectedConversion,InjectedOffset-1\#ChannelInjectedConversion,InjectedRank-2\#ChannelInjectedConversion,Channel-2\#ChannelInjectedConversion,SamplingTime-2\#ChannelInjectedConversion,InjectedOffset-2\#ChannelInjectedConversion,InjNumberOfConversion,ExternalTrigInjecConv,ExternalTrigInjecConvEdge,InjectedConvMode,Rank-5\#ChannelRegularConversion,Channel-5\#ChannelRegularConversion,SamplingTime-5\#ChannelRegularConversion,ContinuousConvMode,EOCSelection,Rank-6\#ChannelRegularConversion,Channel-6\#ChannelRegularConversion,SamplingTime-6\#ChannelRegularConversion,Rank-7\#ChannelRegularConversion,Channel-7\#ChannelRegularConversion,SamplingTime-7\#ChannelRegularConversion,Rank-8\#ChannelRegularConversion,Channel-8\#ChannelRegularConversion,SamplingTime-8\#ChannelRegularConversion,DMAContinuousRequests,ExternalTrigConv,ExternalTrigConvEdge
PC13.Locked=true
TIM1.CounterMode=TIM_COUNTERMODE_CENTERALIGNED3
ADC2.Rank-3\#ChannelRegularConversion=3
PC13.Signal=GPIO_Output
PB6.GPIO_PuPd=GPIO_PULLDOWN
PC6.Signal=S_TIM8_CH1
PE10.Mode=PWM Generation2 CH2 CH2N
PC2.Signal=ADCx_IN12
PC9.PinState=GPIO_PIN_SET
PD7.Signal=GPXTI7
VP_TIM8_VS_ClockSourceITR.Mode=TriggerSource_ITR0
TIM4.IC2Filter=4
TIM1.Channel-PWM\ Generation1\ CH1\ CH1N=TIM_CHANNEL_1
ADC2.Channel-1\#ChannelInjectedConversion=ADC_CHANNEL_0
ADC1.ExternalTrigConvEdge=ADC_EXTERNALTRIGCONVEDGE_RISINGFALLING
RCC.UART8Freq_Value=54000000
PC0.Signal=ADCx_IN10
RCC.APB1CLKDivider=RCC_HCLK_DIV4
PD6.Mode=Asynchronous
ADC2.SamplingTime-5\#ChannelRegularConversion=ADC_SAMPLETIME_15CYCLES
Dma.USART3_RX.4.PeriphDataAlignment=DMA_PDATAALIGN_BYTE
SH.S_TIM8_CH2.0=TIM8_CH2,PWM Generation2 CH2 CH2N
Dma.USART3_TX.3.PeriphInc=DMA_PINC_DISABLE
ADC1.Channel-7\#ChannelRegularConversion=ADC_CHANNEL_13
PE8.Mode=PWM Generation1 CH1 CH1N
USART3.OverSampling=UART_OVERSAMPLING_8
TIM1.AutoReloadPreload=TIM_AUTORELOAD_PRELOAD_ENABLE
TIM1.Channel-PWM\ Generation2\ CH2\ CH2N=TIM_CHANNEL_2
Dma.ADC1.2.MemInc=DMA_MINC_ENABLE
Dma.USART3_RX.4.Mode=DMA_NORMAL
PA8.GPIO_Label=USER_BTN
USART2.UART_DEPolarity=UART_DE_POLARITY_HIGH
TIM4.IPParameters=Period,EncoderMode,IC2Polarity,IC1Filter,IC2Filter
USB_DEVICE.PRODUCT_STRING_CDC_FS=SIGMADRIVE Virtual ComPort
Mcu.Pin51=VP_TIM8_VS_ClockSourceITR
RCC.USART6Freq_Value=108000000
Mcu.Pin52=VP_TIM12_VS_ClockSourceINT
Mcu.Pin50=VP_TIM8_VS_ClockSourceINT
Mcu.Pin53=VP_USB_DEVICE_VS_USB_DEVICE_CDC_FS
ADC2.IPParameters=Rank-0\#ChannelRegularConversion,Channel-0\#ChannelRegularConversion,SamplingTime-0\#ChannelRegularConversion,NbrOfConversionFlag,InjectedRank-1\#ChannelInjectedConversion,Channel-1\#ChannelInjectedConversion,SamplingTime-1\#ChannelInjectedConversion,InjectedOffset-1\#ChannelInjectedConversion,InjNumberOfConversion,ExternalTrigInjecConv,ExternalTrigInjecConvEdge,ScanConvMode,DMAContinuousRequests,Rank-2\#ChannelRegularConversion,Channel-2\#ChannelRegularConversion,SamplingTime-2\#ChannelRegularConversion,Rank-3\#ChannelRegularConversion,Channel-3\#ChannelRegularConversion,SamplingTime-3\#ChannelRegularConversion,Rank-4\#ChannelRegularConversion,Channel-4\#ChannelRegularConversion,SamplingTime-4\#ChannelRegularConversion,Rank-5\#ChannelRegularConversion,Channel-5\#ChannelRegularConversion,SamplingTime-5\#ChannelRegularConversion,NbrOfConversion,ExternalTrigConv,ExternalTrigConvEdge,InjectedRank-6\#ChannelInjectedConversion,Channel-6\#ChannelInjectedConversion,SamplingTime-6\#ChannelInjectedConversion,InjectedOffset-6\#ChannelInjectedConversion
PC14/OSC32_IN.GPIO_ModeDefaultOutputPP=GPIO_MODE_OUTPUT_PP
PA9.Signal=USART1_TX
VP_TIM1_VS_ClockSourceINT.Signal=TIM1_VS_ClockSourceINT
Dma.ADC2.7.PeriphDataAlignment=DMA_PDATAALIGN_WORD
VP_TIM8_VS_ClockSourceINT.Mode=Internal
TIM1.Channel-PWM\ Generation3\ CH3\ CH3N=TIM_CHANNEL_3
TIM8.TIM_MasterOutputTrigger2=TIM_TRGO2_UPDATE
Dma.ADC1.2.RequestParameters=Instance,Direction,PeriphInc,MemInc,PeriphDataAlignment,MemDataAlignment,Mode,Priority,FIFOMode,FIFOThreshold,MemBurst,PeriphBurst
ADC1.Channel-1\#ChannelInjectedConversion=ADC_CHANNEL_0
ADC3.NbrOfConversion=1
PD7.Locked=true
PD8.Mode=Asynchronous
Mcu.Pin48=VP_TIM5_VS_ClockSourceINT
Mcu.Pin49=VP_TIM8_VS_ControllerModeTrigger
Mcu.Pin46=VP_TIM1_VS_ClockSourceINT
Mcu.Pin47=VP_TIM1_VS_no_output4
PC14/OSC32_IN.GPIOParameters=GPIO_Speed,PinState,GPIO_PuPd,GPIO_ModeDefaultOutputPP
PB14.Signal=TIM8_CH2N
PA5.Signal=TIM8_CH1N
Mcu.Pin40=PD6
Mcu.Pin41=PD7
Dma.USART1_RX.1.FIFOMode=DMA_FIFOMODE_DISABLE
PD14.PinState=GPIO_PIN_RESET
Mcu.Pin44=VP_FREERTOS_VS_CMSIS_V2
PC12.Mode=Full_Duplex_Master
SH.S_TIM8_CH1.0=TIM8_CH1,PWM Generation1 CH1 CH1N
Mcu.Pin45=VP_SYS_VS_tim7
Mcu.Pin42=PB6
TIM8.AutoReloadPreload=TIM_AUTORELOAD_PRELOAD_ENABLE
Mcu.Pin43=PB7
ProjectManager.LastFirmware=true
VP_SYS_VS_tim7.Signal=SYS_VS_tim7
ADC2.Channel-2\#ChannelRegularConversion=ADC_CHANNEL_1
TIM1.TIM_MasterOutputTrigger=TIM_TRGO_ENABLE
PE14.Signal=GPIO_Output
VP_TIM1_VS_no_output4.Signal=TIM1_VS_no_output4
Mcu.Pin37=PC12
Mcu.Pin38=PD4
Mcu.Pin35=PC10
RCC.I2C1Freq_Value=54000000
PE8.Signal=TIM1_CH1N
Mcu.Pin36=PC11
ADC1.InjectedOffset-1\#ChannelInjectedConversion=0
RCC.PLLI2SPCLKFreq_Value=192000000
SH.ADCx_IN0.ConfNb=2
Mcu.Pin39=PD5
VP_TIM12_VS_ClockSourceINT.Signal=TIM12_VS_ClockSourceINT
RCC.RNGFreq_Value=48000000
Mcu.Pin30=PA8
Dma.ADC2.7.Instance=DMA2_Stream2
RCC.EthernetFreq_Value=216000000
SH.ADCx_IN12.ConfNb=1
Mcu.Pin33=PA11
Mcu.Pin34=PA12
Mcu.Pin31=PA9
Mcu.Pin32=PA10
NVIC.NonMaskableInt_IRQn=true\:0\:0\:false\:false\:true\:false\:false\:false
ADC1.DMAContinuousRequests=ENABLE
ADC2.SamplingTime-6\#ChannelInjectedConversion=ADC_SAMPLETIME_3CYCLES
ProjectManager.FreePins=false
TIM8.RepetitionCounter=TIM1_RCR
PC9.GPIOParameters=PinState,GPIO_Label
TIM1.Channel-PWM\ Generation4\ No\ Output=TIM_CHANNEL_4
TIM1.Pulse-PWM\ Generation3\ CH3\ CH3N=TIM1_PERIOD_CLOCKS/2
RCC.PLLI2SQCLKFreq_Value=192000000
Mcu.Pin26=PC6
Mcu.Pin27=PC7
Mcu.Pin24=PD12
Dma.ADC1.2.Instance=DMA2_Stream0
ProjectManager.UnderRoot=false
Mcu.Pin25=PD14
CORTEX_M7.IPParameters=CPU_DCache,CPU_ICache
ADC1.ExternalTrigConv=ADC_EXTERNALTRIGCONV_T1_TRGO2
Dma.USART3_TX.3.Mode=DMA_NORMAL
TIM8.Period=TIM1_PERIOD_CLOCKS
Mcu.Pin28=PC8
Mcu.Pin29=PC9
PD14.GPIOParameters=GPIO_Speed,PinState,GPIO_PuPd,GPIO_Label
Mcu.Pin22=PD8
Mcu.Pin23=PD9
Mcu.Pin20=PE14
ADC1.master=1
Dma.USART2_TX.6.PeriphInc=DMA_PINC_DISABLE
Mcu.Pin21=PB14
PD12.Mode=Hardware Flow Control (RS485)
ADC2.NbrOfConversionFlag=1
NVIC.ForceEnableDMAVector=true
TIM8.TIM_MasterOutputTrigger=TIM_TRGO_ENABLE
PC14/OSC32_IN.Locked=true
NVIC.MemoryManagement_IRQn=true\:0\:0\:false\:false\:true\:false\:false\:false
ProjectManager.CompilerOptimize=6
PA11.Signal=USB_OTG_FS_DM
ProjectManager.HeapSize=0x200
Mcu.Pin15=PE9
NVIC.HardFault_IRQn=true\:0\:0\:false\:false\:true\:false\:false\:false
PB1.Mode=PWM Generation3 CH3 CH3N
Mcu.Pin16=PE10
Dma.ADC1.2.FIFOMode=DMA_FIFOMODE_ENABLE
Mcu.Pin13=PB1
Mcu.Pin14=PE8
Mcu.Pin19=PE13
ADC1.SamplingTime-5\#ChannelRegularConversion=ADC_SAMPLETIME_15CYCLES
NVIC.TIM1_UP_TIM10_IRQn=true\:5\:0\:true\:false\:true\:true\:true\:true
ProjectManager.ComputerToolchain=false
Mcu.Pin17=PE11
Dma.USART3_RX.4.MemInc=DMA_MINC_ENABLE
Mcu.Pin18=PE12
NVIC.PriorityGroup=NVIC_PRIORITYGROUP_4
Dma.ADC2.7.PeriphBurst=DMA_PBURST_SINGLE
Mcu.Pin11=PA5
Dma.USART2_TX.6.Priority=DMA_PRIORITY_LOW
Mcu.Pin12=PB0
Mcu.Pin10=PA2
ADC1.InjectedRank-1\#ChannelInjectedConversion=1
Dma.USART1_RX.1.Direction=DMA_PERIPH_TO_MEMORY
Dma.ADC2.7.FIFOMode=DMA_FIFOMODE_ENABLE
PB6.GPIO_Speed=GPIO_SPEED_FREQ_HIGH
RCC.I2C2Freq_Value=54000000
PB0.Signal=ADCx_IN8
ADC1.Rank-5\#ChannelRegularConversion=2
TIM12.IPParameters=Period
PC1.Signal=ADCx_IN11
PD7.GPIOParameters=GPIO_PuPd,GPIO_Label,GPIO_ModeDefaultEXTI
TIM8.CounterMode=TIM_COUNTERMODE_CENTERALIGNED3
Dma.USART3_TX.3.Priority=DMA_PRIORITY_HIGH
Mcu.Family=STM32F7
NVIC.USART3_IRQn=true\:1\:0\:true\:false\:true\:false\:true\:true
Dma.ADC2.7.RequestParameters=Instance,Direction,PeriphInc,MemInc,PeriphDataAlignment,MemDataAlignment,Mode,Priority,FIFOMode,FIFOThreshold,MemBurst,PeriphBurst
ProjectManager.MainLocation=Src
Dma.ADC2.7.MemDataAlignment=DMA_MDATAALIGN_WORD
ADC2.ExternalTrigConv=ADC_EXTERNALTRIGCONV_T8_TRGO2
SH.S_TIM4_CH2.ConfNb=1
USB_DEVICE.CLASS_NAME_FS=CDC
RCC.SAI1Freq_Value=192000000
RCC.CortexFreq_Value=216000000
Dma.USART3_RX.4.Priority=DMA_PRIORITY_LOW
ProjectManager.KeepUserCode=true
Mcu.UserName=STM32F745VGTx
Dma.USART3_TX.3.PeriphDataAlignment=DMA_PDATAALIGN_BYTE
ADC1.ContinuousConvMode=DISABLE
ADC2.Channel-0\#ChannelRegularConversion=ADC_CHANNEL_0
TIM1.RepetitionCounter=TIM1_RCR
USART1.BaudRate=115200
SH.ADCx_IN2.0=ADC1_IN2,IN2
SH.ADCx_IN2.1=ADC3_IN2,IN2
SH.ADCx_IN2.2=ADC2_IN2,IN2
PC10.Signal=SPI3_SCK
TIM4.EncoderMode=TIM_ENCODERMODE_TI12
ProjectManager.functionlistsort=1-MX_GPIO_Init-GPIO-false-HAL-true,2-MX_DMA_Init-DMA-false-HAL-true,3-SystemClock_Config-RCC-false-HAL-false,4-MX_USB_DEVICE_Init-USB_DEVICE-false-HAL-false,5-MX_USART1_UART_Init-USART1-false-HAL-true,6-MX_SPI3_Init-SPI3-false-HAL-true,7-MX_TIM4_Init-TIM4-false-HAL-true,8-MX_ADC1_Init-ADC1-false-HAL-true,9-MX_TIM1_Init-TIM1-false-HAL-true,10-MX_ADC2_Init-ADC2-false-HAL-true,11-MX_ADC3_Init-ADC3-false-HAL-true,12-MX_USART3_UART_Init-USART3-false-HAL-true,13-MX_TIM5_Init-TIM5-false-HAL-true,14-MX_TIM8_Init-TIM8-false-HAL-true,15-MX_TIM12_Init-TIM12-false-HAL-true,16-MX_USART2_UART_Init-USART2-false-HAL-true,0-MX_CORTEX_M7_Init-CORTEX_M7-false-HAL-true
PA11.Mode=Device_Only
PA0/WKUP.Signal=ADCx_IN0
PC9.Locked=true
VP_TIM8_VS_ControllerModeTrigger.Mode=Trigger Mode
PD6.Locked=true
RCC.PLLI2SRCLKFreq_Value=192000000
USB_DEVICE.VirtualMode-CDC_FS=Cdc
RCC.USART2Freq_Value=54000000
SH.S_TIM1_CH3.ConfNb=1
PC14/OSC32_IN.PinState=GPIO_PIN_SET
Dma.ADC2.7.FIFOThreshold=DMA_FIFO_THRESHOLD_HALFFULL
PD9.Mode=Asynchronous
Dma.USART2_RX.5.Mode=DMA_CIRCULAR
ADC3.Rank-2\#ChannelRegularConversion=1
ProjectManager.StackSize=0x400
VP_FREERTOS_VS_CMSIS_V2.Mode=CMSIS_V2
VP_TIM8_VS_ClockSourceITR.Signal=TIM8_VS_ClockSourceITR
RCC.I2C3Freq_Value=54000000
Mcu.IP4=DMA
Mcu.IP5=FREERTOS
RCC.FCLKCortexFreq_Value=216000000
Mcu.IP2=ADC3
Dma.USART2_RX.5.MemInc=DMA_MINC_ENABLE
NVIC.ADC_IRQn=true\:5\:0\:false\:false\:true\:true\:true\:true
Mcu.IP3=CORTEX_M7
Mcu.IP0=ADC1
Mcu.IP1=ADC2
Dma.USART1_TX.0.Priority=DMA_PRIORITY_LOW
PA12.Signal=USB_OTG_FS_DP
Mcu.UserConstants=TIM1_PERIOD_CLOCKS,8000;TIM1_RCR,0;SYSTEM_CORE_CLOCK,216000000
Dma.USART2_TX.6.MemDataAlignment=DMA_MDATAALIGN_BYTE
ADC2.DMAContinuousRequests=ENABLE
RCC.SDMMCFreq_Value=216000000
Mcu.ThirdPartyNb=0
TIM8.Channel-PWM\ Generation2\ CH2\ CH2N=TIM_CHANNEL_2
PH0/OSC_IN.Mode=HSE-External-Oscillator
RCC.HCLKFreq_Value=216000000
Mcu.IPNb=20
RCC.PLLI2SRoutputFreq_Value=192000000
ProjectManager.PreviousToolchain=
RCC.SPDIFRXFreq_Value=192000000
PA8.GPIOParameters=GPIO_Label,GPIO_ModeDefaultEXTI
Mcu.Pin6=PC2
Mcu.Pin7=PC3
NVIC.DMA2_Stream0_IRQn=true\:5\:0\:false\:false\:true\:true\:false\:true
Mcu.Pin8=PA0/WKUP
Mcu.Pin9=PA1
PE14.PinState=GPIO_PIN_SET
RCC.VCOSAIOutputFreq_Value=384000000
Dma.USART1_RX.1.MemInc=DMA_MINC_ENABLE
FREERTOS.IPParameters=Tasks01,HEAP_NUMBER,configMINIMAL_STACK_SIZE
ADC2.InjectedRank-1\#ChannelInjectedConversion=1
RCC.AHBFreq_Value=216000000
Mcu.Pin0=PC13
Dma.USART2_RX.5.MemDataAlignment=DMA_MDATAALIGN_BYTE
SPI3.DataSize=SPI_DATASIZE_16BIT
Mcu.Pin1=PC14/OSC32_IN
PD5.Mode=Asynchronous
TIM8.IPParameters=CounterMode,Period,AutoReloadPreload,TIM_MasterOutputTrigger,TIM_MasterOutputTrigger2,Channel-PWM Generation2 CH2 CH2N,Channel-PWM Generation1 CH1 CH1N,Channel-PWM Generation3 CH3 CH3N,OCMode_PWM-PWM Generation1 CH1 CH1N,OCMode_PWM-PWM Generation2 CH2 CH2N,OCMode_PWM-PWM Generation3 CH3 CH3N,Pulse-PWM Generation1 CH1 CH1N,Pulse-PWM Generation2 CH2 CH2N,Pulse-PWM Generation3 CH3 CH3N,RepetitionCounter
Mcu.Pin2=PH0/OSC_IN
Mcu.Pin3=PH1/OSC_OUT
Mcu.Pin4=PC0
Mcu.Pin5=PC1
TIM8.Channel-PWM\ Generation1\ CH1\ CH1N=TIM_CHANNEL_1
ADC1.Channel-0\#ChannelRegularConversion=ADC_CHANNEL_0
ADC1.ExternalTrigInjecConv=ADC_EXTERNALTRIGINJECCONV_T1_TRGO2
RCC.HSE_VALUE=12000000
NVIC.DebugMonitor_IRQn=true\:0\:0\:false\:false\:true\:false\:false\:false
ADC3.InjNumberOfConversion=1
Mcu.IP10=TIM1
USART2.VirtualMode-Asynchronous=VM_ASYNC
NVIC.SysTick_IRQn=true\:15\:0\:false\:false\:false\:true\:false\:false
Mcu.IP12=TIM5
Dma.ADC1.2.PeriphBurst=DMA_PBURST_SINGLE
Mcu.IP11=TIM4
Dma.USART3_RX.4.PeriphInc=DMA_PINC_DISABLE
Mcu.IP18=USB_DEVICE
Mcu.IP17=USART3
ADC1.Channel-6\#ChannelRegularConversion=ADC_CHANNEL_2
Mcu.IP19=USB_OTG_FS
Dma.ADC2.7.PeriphInc=DMA_PINC_DISABLE
Mcu.IP14=TIM12
Dma.USART3_TX.3.Direction=DMA_MEMORY_TO_PERIPH
Mcu.IP13=TIM8
PE13.Signal=S_TIM1_CH3
Mcu.IP16=USART2
Mcu.IP15=USART1
RCC.VCOInputFreq_Value=2000000
PE8.Locked=true
File.Version=6
PC13.GPIO_PuPd=GPIO_PULLUP
SH.ADCx_IN0.1=ADC2_IN0,IN0
TIM8.Pulse-PWM\ Generation2\ CH2\ CH2N=TIM1_PERIOD_CLOCKS/2
SH.ADCx_IN13.ConfNb=2
PB7.Signal=S_TIM4_CH2
VP_TIM12_VS_ClockSourceINT.Mode=Internal
SH.ADCx_IN0.0=ADC1_IN0,IN0
PH1/OSC_OUT.Mode=HSE-External-Oscillator
Dma.RequestsNb=8
PB6.GPIOParameters=GPIO_Speed,GPIO_PuPd
Dma.USART2_RX.5.Priority=DMA_PRIORITY_LOW
ProjectManager.ProjectName=sigmadrive
SH.S_TIM8_CH3.ConfNb=1
PD7.GPIO_Label=ENCODER_Z
TIM8.OCMode_PWM-PWM\ Generation1\ CH1\ CH1N=TIM_OCMODE_PWM2
TIM8.Pulse-PWM\ Generation3\ CH3\ CH3N=TIM1_PERIOD_CLOCKS/2
TIM8.Channel-PWM\ Generation3\ CH3\ CH3N=TIM_CHANNEL_3
NVIC.DMA2_Stream7_IRQn=true\:5\:0\:false\:false\:true\:true\:false\:true
PC14/OSC32_IN.Signal=GPIO_Output
ADC1.SamplingTime-1\#ChannelInjectedConversion=ADC_SAMPLETIME_15CYCLES
NVIC.OTG_FS_IRQn=true\:5\:0\:true\:false\:true\:true\:false\:true
ProjectManager.ToolChainLocation=
PD14.Locked=true
RCC.LSI_VALUE=32000
USB_OTG_FS.VirtualMode=Device_Only
TIM8.OCMode_PWM-PWM\ Generation3\ CH3\ CH3N=TIM_OCMODE_PWM2
ADC2.Rank-4\#ChannelRegularConversion=4
Dma.USART1_TX.0.Instance=DMA2_Stream7
VP_USB_DEVICE_VS_USB_DEVICE_CDC_FS.Signal=USB_DEVICE_VS_USB_DEVICE_CDC_FS
ADC2.SamplingTime-0\#ChannelRegularConversion=ADC_SAMPLETIME_15CYCLES
Dma.USART1_TX.0.FIFOMode=DMA_FIFOMODE_DISABLE
TIM4.IC1Filter=4
Dma.USART3_RX.4.Instance=DMA1_Stream1
Dma.USART2_TX.6.Mode=DMA_NORMAL
SH.ADCx_IN1.0=ADC1_IN1,IN1
ADC2.SamplingTime-2\#ChannelRegularConversion=ADC_SAMPLETIME_15CYCLES
SH.ADCx_IN1.1=ADC2_IN1,IN1
ADC2.NbrOfConversion=5
ADC3.InjectedOffset-3\#ChannelInjectedConversion=0
Dma.Request2=ADC1
Dma.Request1=USART1_RX
Dma.Request4=USART3_RX
Dma.Request3=USART3_TX
Dma.Request6=USART2_TX
Dma.Request5=USART2_RX
SPI3.IPParameters=VirtualType,Mode,Direction,CalculateBaudRate,DataSize,CLKPhase,BaudRatePrescaler,CRCCalculation
Dma.Request7=ADC2
Dma.USART1_RX.1.Priority=DMA_PRIORITY_LOW
ADC2.Rank-0\#ChannelRegularConversion=1
SPI3.CRCCalculation=SPI_CRCCALCULATION_DISABLE
TIM8.OCMode_PWM-PWM\ Generation2\ CH2\ CH2N=TIM_OCMODE_PWM2
PD6.Signal=USART2_RX
ADC1.Rank-6\#ChannelRegularConversion=3
Dma.Request0=USART1_TX
ADC1.SamplingTime-8\#ChannelRegularConversion=ADC_SAMPLETIME_15CYCLES
ADC1.SamplingTime-2\#ChannelInjectedConversion=ADC_SAMPLETIME_15CYCLES
PE12.Locked=true
ADC2.InjectedOffset-6\#ChannelInjectedConversion=0
NVIC.TIM7_IRQn=true\:0\:0\:false\:false\:true\:false\:false\:true
TIM8.Pulse-PWM\ Generation1\ CH1\ CH1N=TIM1_PERIOD_CLOCKS/2
Dma.USART3_RX.4.FIFOMode=DMA_FIFOMODE_DISABLE
PC13.PinState=GPIO_PIN_SET
ADC2.Channel-3\#ChannelRegularConversion=ADC_CHANNEL_2
ADC1.ExternalTrigInjecConvEdge=ADC_EXTERNALTRIGINJECCONVEDGE_RISINGFALLING
PB7.GPIO_Speed=GPIO_SPEED_FREQ_HIGH
SH.ADCx_IN13.1=ADC2_IN13,IN13
RCC.I2SFreq_Value=192000000
PC14/OSC32_IN.GPIO_Speed=GPIO_SPEED_FREQ_LOW
SH.ADCx_IN13.0=ADC1_IN13,IN13
TIM1.OCMode_PWM-PWM\ Generation4\ No\ Output=TIM_OCMODE_PWM2
CORTEX_M7.CPU_ICache=Enabled
ADC2.ExternalTrigInjecConv=ADC_EXTERNALTRIGINJECCONV_T8_TRGO2
ADC3.InjectedRank-3\#ChannelInjectedConversion=1
Dma.USART1_TX.0.MemInc=DMA_MINC_ENABLE
RCC.UART7Freq_Value=54000000
PE14.GPIOParameters=PinState
Dma.USART1_TX.0.PeriphInc=DMA_PINC_DISABLE
VP_TIM8_VS_ControllerModeTrigger.Signal=TIM8_VS_ControllerModeTrigger
PA10.Mode=Asynchronous
PC9.GPIO_Label=LED_STATUS
ProjectManager.NoMain=false
USB_DEVICE.VirtualModeFS=Cdc_FS
USART2.VirtualMode-Hardware\ Flow\ Control\ (RS485)=VM_ASYNC
Dma.USART2_RX.5.PeriphInc=DMA_PINC_DISABLE
NVIC.SavedSvcallIrqHandlerGenerated=true
ADC1.Rank-8\#ChannelRegularConversion=5
Dma.ADC2.7.Direction=DMA_PERIPH_TO_MEMORY
PC11.Signal=SPI3_MISO
VP_SYS_VS_tim7.Mode=TIM7
Dma.ADC1.2.PeriphDataAlignment=DMA_PDATAALIGN_WORD
PC8.Signal=S_TIM8_CH3
PC10.Mode=Full_Duplex_Master
ProjectManager.DefaultFWLocation=true
PD9.Signal=USART3_RX
PD5.Signal=USART2_TX
NVIC.DMA1_Stream1_IRQn=true\:5\:0\:false\:false\:true\:true\:false\:true
ProjectManager.DeletePrevious=true
USB_DEVICE.IPParameters=VirtualMode-CDC_FS,VirtualModeFS,CLASS_NAME_FS,PRODUCT_STRING_CDC_FS
NVIC.USART2_IRQn=true\:5\:0\:false\:false\:true\:true\:true\:true
RCC.FamilyName=M
PD12.Locked=true
USART1.VirtualMode-Asynchronous=VM_ASYNC
Dma.USART2_TX.6.FIFOMode=DMA_FIFOMODE_DISABLE
SH.ADCx_IN12.0=ADC1_IN12,IN12
PA9.Mode=Asynchronous
SH.S_TIM1_CH1.0=TIM1_CH1,PWM Generation1 CH1 CH1N
ProjectManager.TargetToolchain=Makefile
Dma.USART1_RX.1.RequestParameters=Instance,Direction,PeriphInc,MemInc,PeriphDataAlignment,MemDataAlignment,Mode,Priority,FIFOMode
NVIC.DMA1_Stream5_IRQn=true\:5\:0\:false\:false\:true\:true\:false\:true
ADC1.Channel-2\#ChannelInjectedConversion=ADC_CHANNEL_1
Dma.USART3_RX.4.RequestParameters=Instance,Direction,PeriphInc,MemInc,PeriphDataAlignment,MemDataAlignment,Mode,Priority,FIFOMode
PB7.GPIOParameters=GPIO_Speed,GPIO_PuPd
VP_USB_DEVICE_VS_USB_DEVICE_CDC_FS.Mode=CDC_FS
ADC1.InjectedOffset-2\#ChannelInjectedConversion=0
Dma.USART3_TX.3.FIFOMode=DMA_FIFOMODE_DISABLE
Dma.USART3_TX.3.RequestParameters=Instance,Direction,PeriphInc,MemInc,PeriphDataAlignment,MemDataAlignment,Mode,Priority,FIFOMode
Dma.USART1_TX.0.RequestParameters=Instance,Direction,PeriphInc,MemInc,PeriphDataAlignment,MemDataAlignment,Mode,Priority,FIFOMode
ProjectManager.RegisterCallBack=
RCC.USBFreq_Value=48000000
RCC.PLLSAIoutputFreq_Value=192000000
PE11.Signal=S_TIM1_CH2
RCC.LSE_VALUE=32768
PA1.Signal=ADCx_IN1
SH.S_TIM1_CH2.ConfNb=1
TIM4.IC2Polarity=TIM_ICPOLARITY_RISING
RCC.VCOI2SOutputFreq_Value=384000000
ADC2.SamplingTime-1\#ChannelInjectedConversion=ADC_SAMPLETIME_15CYCLES
Dma.USART3_TX.3.Instance=DMA1_Stream3
Dma.USART1_TX.0.Mode=DMA_NORMAL
RCC.PLLSAIPCLKFreq_Value=192000000
board=custom
SPI3.CLKPhase=SPI_PHASE_2EDGE
RCC.VCOOutputFreq_Value=432000000
VP_TIM1_VS_no_output4.Mode=PWM Generation4 No Output
TIM1.Pulse-PWM\ Generation4\ No\ Output=1
PH0/OSC_IN.Signal=RCC_OSC_IN
NVIC.SavedSystickIrqHandlerGenerated=true
RCC.APB2Freq_Value=108000000
RCC.UART4Freq_Value=54000000
SPI3.CalculateBaudRate=843.75 KBits/s
SH.ADCx_IN11.0=ADC1_IN11,IN11
ADC2.Rank-5\#ChannelRegularConversion=5
MxCube.Version=6.0.1
SH.S_TIM1_CH2.0=TIM1_CH2,PWM Generation2 CH2 CH2N
PC13.GPIOParameters=PinState,GPIO_PuPd
SH.ADCx_IN10.ConfNb=1
SH.ADCx_IN2.ConfNb=3
NVIC.DMA2_Stream5_IRQn=true\:5\:0\:false\:false\:true\:true\:false\:true
SPI3.BaudRatePrescaler=SPI_BAUDRATEPRESCALER_64
USART3.VirtualMode-Hardware\ Flow\ Control\ (RS485)=VM_ASYNC
Dma.USART2_TX.6.Instance=DMA1_Stream6
PD14.GPIO_Label=LED_WARN
ADC2.SamplingTime-3\#ChannelRegularConversion=ADC_SAMPLETIME_15CYCLES
SH.ADCx_IN8.ConfNb=2
RCC.UART5Freq_Value=54000000
ADC1.NbrOfConversion=5
RCC.IPParameters=AHBFreq_Value,APB1CLKDivider,APB1Freq_Value,APB1TimFreq_Value,APB2CLKDivider,APB2Freq_Value,APB2TimFreq_Value,CECFreq_Value,CortexFreq_Value,EthernetFreq_Value,FCLKCortexFreq_Value,FamilyName,HCLKFreq_Value,HSE_VALUE,HSI_VALUE,I2C1Freq_Value,I2C2Freq_Value,I2C3Freq_Value,I2C4Freq_Value,I2SFreq_Value,LPTIM1Freq_Value,LSE_VALUE,LSI_VALUE,MCO2PinFreq_Value,PLLCLKFreq_Value,PLLI2SPCLKFreq_Value,PLLI2SQCLKFreq_Value,PLLI2SRCLKFreq_Value,PLLI2SRoutputFreq_Value,PLLM,PLLN,PLLQ,PLLQCLKFreq_Value,PLLQoutputFreq_Value,PLLSAIPCLKFreq_Value,PLLSAIQCLKFreq_Value,PLLSAIRCLKFreq_Value,PLLSAIoutputFreq_Value,RNGFreq_Value,SAI1Freq_Value,SAI2Freq_Value,SDMMCFreq_Value,SPDIFRXFreq_Value,SYSCLKFreq_VALUE,SYSCLKSource,UART4Freq_Value,UART5Freq_Value,UART7Freq_Value,UART8Freq_Value,USART1Freq_Value,USART2Freq_Value,USART3Freq_Value,USART6Freq_Value,USBFreq_Value,VCOI2SOutputFreq_Value,VCOInputFreq_Value,VCOOutputFreq_Value,VCOSAIOutputFreq_Value
PD7.GPIO_ModeDefaultEXTI=GPIO_MODE_IT_RISING
ProjectManager.AskForMigrate=true
Mcu.Name=STM32F745V(E-G)Tx
PE12.Signal=TIM1_CH3N
NVIC.SavedPendsvIrqHandlerGenerated=true
PA2.Signal=ADCx_IN2
Mcu.IP8=SPI3
VP_FREERTOS_VS_CMSIS_V2.Signal=FREERTOS_VS_CMSIS_V2
Mcu.IP9=SYS
PD14.Signal=GPIO_Output
Mcu.IP6=NVIC
Mcu.IP7=RCC
ProjectManager.CoupleFile=false
Dma.USART2_RX.5.FIFOMode=DMA_FIFOMODE_DISABLE
RCC.SYSCLKFreq_VALUE=216000000
TIM1.TIM_MasterOutputTrigger2=TIM_TRGO2_UPDATE
Dma.ADC1.2.Priority=DMA_PRIORITY_HIGH
USART1.OverSampling=UART_OVERSAMPLING_8
PA12.Mode=Device_Only
Dma.ADC1.2.PeriphInc=DMA_PINC_DISABLE
KeepUserPlacement=false
Dma.ADC2.7.MemBurst=DMA_MBURST_SINGLE
Dma.USART1_TX.0.MemDataAlignment=DMA_MDATAALIGN_BYTE
NVIC.EXTI9_5_IRQn=true\:2\:0\:true\:false\:true\:false\:true\:true
SH.ADCx_IN10.0=ADC1_IN10,IN10
Dma.USART2_RX.5.Instance=DMA1_Stream5
SH.S_TIM1_CH3.0=TIM1_CH3,PWM Generation3 CH3 CH3N
RCC.HSI_VALUE=16000000
ADC1.Rank-7\#ChannelRegularConversion=4
ADC2.ExternalTrigConvEdge=ADC_EXTERNALTRIGCONVEDGE_RISINGFALLING
Dma.USART3_RX.4.Direction=DMA_PERIPH_TO_MEMORY
RCC.PLLQ=9
ADC1.NbrOfConversionFlag=1
RCC.PLLM=6
RCC.PLLN=216
ADC2.Channel-6\#ChannelInjectedConversion=ADC_CHANNEL_1
PB7.Locked=true
NVIC.DMA1_Stream3_IRQn=true\:5\:0\:false\:false\:true\:true\:false\:true
TIM5.Period=0xFFFFFFFF
PC9.Signal=GPIO_Output
ADC1.SamplingTime-7\#ChannelRegularConversion=ADC_SAMPLETIME_15CYCLES
CORTEX_M7.CPU_DCache=Disabled
Dma.ADC1.2.MemBurst=DMA_MBURST_SINGLE
PD9.Locked=true
Dma.USART2_RX.5.Direction=DMA_PERIPH_TO_MEMORY
RCC.APB1Freq_Value=54000000
ADC3.NbrOfConversionFlag=1
ADC2.Channel-4\#ChannelRegularConversion=ADC_CHANNEL_13
ADC2.InjNumberOfConversion=2
Dma.ADC1.2.FIFOThreshold=DMA_FIFO_THRESHOLD_HALFFULL
ProjectManager.DeviceId=STM32F745VGTx
SH.S_TIM8_CH2.ConfNb=1
ProjectManager.LibraryCopy=0
ADC1.InjectedRank-2\#ChannelInjectedConversion=2
