#MicroXplorer Configuration settings - do not modify
VP_TIM5_VS_ClockSourceINT.Mode=Internal
Dma.USART2_RX.5.RequestParameters=Instance,Direction,PeriphInc,MemInc,PeriphDataAlignment,MemDataAlignment,Mode,Priority,FIFOMode
USART2.IPParameters=VirtualMode-Asynchronous,VirtualMode-Hardware Flow Control (RS485),OverSampling,UART_DEPolarity,BaudRate
TIM4.Channel-Input_Capture3_from_TI3=TIM_CHANNEL_3
ADC3.SamplingTime-3\#ChannelInjectedConversion=ADC_SAMPLETIME_15CYCLES
ADC3.ExternalTrigInjecConvEdge=ADC_EXTERNALTRIGINJECCONVEDGE_RISINGFALLING
RCC.PLLQCLKFreq_Value=48000000
PD8.Locked=true
PD0.Locked=true
SH.S_TIM1_CH1.ConfNb=1
USART1.IPParameters=VirtualMode-Asynchronous,BaudRate,OverSampling
Dma.USART3_TX.3.MemDataAlignment=DMA_MDATAALIGN_BYTE
VP_TIM8_VS_ClockSourceINT.Signal=TIM8_VS_ClockSourceINT
TIM1.Pulse-PWM\ Generation2\ CH2\ CH2N=TIM1_PERIOD_CLOCKS/2
RCC.LPTIM1Freq_Value=54000000
SH.GPXTI7.ConfNb=1
NVIC.SVCall_IRQn=true\:0\:0\:false\:false\:false\:false\:false\:false
Dma.USART2_TX.6.Direction=DMA_MEMORY_TO_PERIPH
Dma.USART1_TX.0.Direction=DMA_MEMORY_TO_PERIPH
ADC1.Channel-5\#ChannelRegularConversion=ADC_CHANNEL_2
SH.S_TIM3_CH2.ConfNb=1
PD7.GPIO_PuPd=GPIO_PULLDOWN
Dma.ADC2.7.Priority=DMA_PRIORITY_LOW
RCC.I2C4Freq_Value=54000000
RCC.APB2TimFreq_Value=216000000
PB6.Signal=S_TIM4_CH1
PC7.Signal=S_TIM8_CH2
Dma.ADC2.7.Mode=DMA_CIRCULAR
PD0.Signal=GPIO_Input
PD8.Signal=USART3_TX
VP_TIM2_VS_ClockSourceINT.Signal=TIM2_VS_ClockSourceINT
FREERTOS.configMINIMAL_STACK_SIZE=1024
Dma.UART4_RX.8.Direction=DMA_PERIPH_TO_MEMORY
PE14.Locked=true
RCC.USART3Freq_Value=54000000
RCC.PLLSAIRCLKFreq_Value=192000000
ProjectManager.ProjectBuild=false
TIM3.Channel-Input_Capture1_from_TI1=TIM_CHANNEL_1
Dma.USART1_RX.1.PeriphDataAlignment=DMA_PDATAALIGN_BYTE
NVIC.UsageFault_IRQn=true\:0\:0\:false\:false\:true\:false\:false\:false
PA8.Locked=true
SH.ADCx_IN15.0=ADC1_IN15,IN15
USART2.OverSampling=UART_OVERSAMPLING_8
ProjectManager.FirmwarePackage=STM32Cube FW_F7 V1.16.0
ProjectManager.BackupPrevious=false
PE9.Signal=S_TIM1_CH1
PB14.Mode=PWM Generation2 CH2 CH2N
FREERTOS.HEAP_NUMBER=3
TIM1.OCMode_PWM-PWM\ Generation1\ CH1\ CH1N=TIM_OCMODE_PWM2
PD14.GPIO_PuPd=GPIO_PULLUP
PA8.Signal=GPXTI8
ADC1.InjectedConvMode=None
PC15/OSC32_OUT.Locked=true
ProjectManager.HalAssertFull=false
SH.S_TIM8_CH1.ConfNb=1
PB2.GPIO_PuPd=GPIO_PULLUP
Dma.USART1_RX.1.Mode=DMA_CIRCULAR
Mcu.Package=LQFP100
PB9.Signal=GPIO_Output
PB1.Signal=TIM8_CH3N
PA5.Locked=true
NVIC.TimeBase=TIM7_IRQn
SPI2.Mode=SPI_MODE_MASTER
PA8.GPIO_ModeDefaultEXTI=GPIO_MODE_IT_FALLING
SH.GPXTI8.0=GPIO_EXTI8
ADC2.InjectedRank-13\#ChannelInjectedConversion=3
PD12.Signal=USART3_DE
PC14/OSC32_IN.GPIO_PuPd=GPIO_PULLUP
NVIC.TimeBaseIP=TIM7
TIM1.OCMode_PWM-PWM\ Generation3\ CH3\ CH3N=TIM_OCMODE_PWM2
USART3.IPParameters=VirtualMode-Asynchronous,VirtualMode-Hardware Flow Control (RS485),BaudRate,OverSampling
PA10.Signal=USART1_RX
PC11.Mode=Asynchronous
RCC.APB2CLKDivider=RCC_HCLK_DIV2
SH.S_TIM4_CH1.0=TIM4_CH1,Input_Capture1_from_TI1
RCC.APB1TimFreq_Value=108000000
USB_OTG_FS.IPParameters=VirtualMode
PE6.Locked=true
ADC2.ExternalTrigInjecConvEdge=ADC_EXTERNALTRIGINJECCONVEDGE_RISINGFALLING
NVIC.DMA1_Stream6_IRQn=true\:5\:0\:false\:false\:true\:true\:false\:true
ADC1.EOCSelection=ADC_EOC_SINGLE_CONV
ADC2.ScanConvMode=ADC_SCAN_ENABLE
RCC.PLLSAIQCLKFreq_Value=192000000
Dma.ADC1.2.Mode=DMA_CIRCULAR
NVIC.UART4_IRQn=true\:0\:0\:false\:false\:true\:false\:true\:true
SH.S_TIM8_CH3.0=TIM8_CH3,PWM Generation3 CH3 CH3N
PE12.Mode=PWM Generation3 CH3 CH3N
Mcu.Pin80=VP_TIM8_VS_ClockSourceITR
SH.S_TIM4_CH1.ConfNb=1
Mcu.Pin81=VP_TIM12_VS_ClockSourceINT
Dma.USART1_RX.1.Instance=DMA2_Stream5
ProjectManager.ProjectFileName=sigmadrive.ioc
FREERTOS.Tasks01=defaultTask,24,2048,StartDefaultTask,Default,NULL,Dynamic,NULL,NULL
Mcu.Pin79=VP_TIM8_VS_ClockSourceINT
Mcu.PinsNb=83
Mcu.Pin73=VP_TIM1_VS_no_output4
Mcu.Pin74=VP_TIM2_VS_ClockSourceINT
SH.ADCx_IN6.0=ADC1_IN6,IN6
Mcu.Pin71=VP_SYS_VS_tim7
Mcu.Pin72=VP_TIM1_VS_ClockSourceINT
PC13.Locked=true
Mcu.Pin77=VP_TIM5_VS_ClockSourceINT
TIM1.CounterMode=TIM_COUNTERMODE_CENTERALIGNED3
Mcu.Pin78=VP_TIM8_VS_ControllerModeTrigger
Mcu.Pin75=VP_TIM3_VS_ClockSourceINT
PC13.Signal=GPIO_Output
Mcu.Pin76=VP_TIM4_VS_ClockSourceINT
PD3.Signal=GPIO_Input
Mcu.Pin70=VP_FREERTOS_VS_CMSIS_V2
PC2.Signal=SPI2_MISO
ADC2.Channel-13\#ChannelInjectedConversion=ADC_CHANNEL_13
VP_TIM8_VS_ClockSourceITR.Mode=TriggerSource_ITR0
Dma.UART4_TX.9.Mode=DMA_NORMAL
Mcu.Pin68=PB8
Mcu.Pin69=PB9
PD6.Mode=Asynchronous
Mcu.Pin62=PD6
Mcu.Pin63=PD7
Mcu.Pin60=PD4
USART2.BaudRate=2500000
Mcu.Pin61=PD5
Mcu.Pin66=PB6
Mcu.Pin67=PB7
ADC1.InjectedRank-10\#ChannelInjectedConversion=3
Dma.USART3_TX.3.PeriphInc=DMA_PINC_DISABLE
Mcu.Pin64=PB4
Mcu.Pin65=PB5
USART3.OverSampling=UART_OVERSAMPLING_8
PD10.Signal=GPIO_Input
TIM1.AutoReloadPreload=TIM_AUTORELOAD_PRELOAD_ENABLE
TIM1.Channel-PWM\ Generation2\ CH2\ CH2N=TIM_CHANNEL_2
Dma.ADC1.2.MemInc=DMA_MINC_ENABLE
Dma.USART3_RX.4.Mode=DMA_NORMAL
PA8.GPIO_Label=USER_BTN
Mcu.Pin59=PD3
Mcu.Pin57=PD1
USART2.UART_DEPolarity=UART_DE_POLARITY_HIGH
Mcu.Pin58=PD2
Mcu.Pin51=PA12
RCC.USART6Freq_Value=108000000
Mcu.Pin52=PA15
Mcu.Pin50=PA11
Mcu.Pin55=PC12
Mcu.Pin56=PD0
Mcu.Pin53=PC10
Mcu.Pin54=PC11
PC14/OSC32_IN.GPIO_ModeDefaultOutputPP=GPIO_MODE_OUTPUT_PP
Dma.UART4_TX.9.RequestParameters=Instance,Direction,PeriphInc,MemInc,PeriphDataAlignment,MemDataAlignment,Mode,Priority,FIFOMode
VP_TIM1_VS_ClockSourceINT.Signal=TIM1_VS_ClockSourceINT
Dma.ADC2.7.PeriphDataAlignment=DMA_PDATAALIGN_WORD
PB9.Locked=true
VP_TIM8_VS_ClockSourceINT.Mode=Internal
TIM8.TIM_MasterOutputTrigger2=TIM_TRGO2_UPDATE
PD8.Mode=Asynchronous
Mcu.Pin48=PA9
Mcu.Pin49=PA10
Mcu.Pin46=PC9
Mcu.Pin47=PA8
PC14/OSC32_IN.GPIOParameters=GPIO_Speed,PinState,GPIO_PuPd,GPIO_ModeDefaultOutputPP
PB14.Signal=TIM8_CH2N
PA5.Signal=S_TIM2_CH1_ETR
Mcu.Pin40=PD11
Mcu.Pin41=PD12
Dma.USART1_RX.1.FIFOMode=DMA_FIFOMODE_DISABLE
SH.S_TIM8_CH1.0=TIM8_CH1,PWM Generation1 CH1 CH1N
Mcu.Pin44=PC7
Mcu.Pin45=PC8
Mcu.Pin42=PD14
Mcu.Pin43=PC6
VP_SYS_VS_tim7.Signal=SYS_VS_tim7
TIM1.TIM_MasterOutputTrigger=TIM_TRGO_ENABLE
PE14.Signal=GPIO_Output
ADC1.Channel-10\#ChannelInjectedConversion=ADC_CHANNEL_4
VP_TIM1_VS_no_output4.Signal=TIM1_VS_no_output4
Mcu.Pin37=PD8
Mcu.Pin38=PD9
Mcu.Pin35=PB14
RCC.I2C1Freq_Value=54000000
Mcu.Pin36=PB15
RCC.PLLI2SPCLKFreq_Value=192000000
Mcu.Pin39=PD10
Mcu.Pin30=PE12
Mcu.Pin33=PE15
Mcu.Pin34=PB10
Mcu.Pin31=PE13
SH.ADCx_IN4.0=ADC1_IN4,IN4
Mcu.Pin32=PE14
NVIC.NonMaskableInt_IRQn=true\:0\:0\:false\:false\:true\:false\:false\:false
ADC1.Rank-9\#ChannelRegularConversion=6
TIM8.RepetitionCounter=TIM1_RCR
PC9.GPIOParameters=PinState,GPIO_Label
TIM1.Channel-PWM\ Generation4\ No\ Output=TIM_CHANNEL_4
RCC.PLLI2SQCLKFreq_Value=192000000
Mcu.Pin26=PE8
Mcu.Pin27=PE9
Dma.ADC1.2.Instance=DMA2_Stream0
Mcu.Pin24=PB1
Mcu.Pin25=PB2
CORTEX_M7.IPParameters=CPU_DCache,CPU_ICache,PREFETCH_ENABLE
ADC1.ExternalTrigConv=ADC_EXTERNALTRIGCONV_T1_TRGO2
Dma.USART3_TX.3.Mode=DMA_NORMAL
TIM8.Period=TIM1_PERIOD_CLOCKS
Mcu.Pin28=PE10
Mcu.Pin29=PE11
PB4.Locked=true
PD14.GPIOParameters=GPIO_Speed,PinState,GPIO_PuPd,GPIO_Label
Mcu.Pin22=PC5
Mcu.Pin23=PB0
ADC1.master=1
Mcu.Pin20=PA7
Mcu.Pin21=PC4
Dma.UART4_TX.9.PeriphInc=DMA_PINC_DISABLE
PD10.Locked=true
ADC2.NbrOfConversionFlag=1
NVIC.ForceEnableDMAVector=true
TIM8.TIM_MasterOutputTrigger=TIM_TRGO_ENABLE
PC14/OSC32_IN.Locked=true
NVIC.MemoryManagement_IRQn=true\:0\:0\:false\:false\:true\:false\:false\:false
ProjectManager.HeapSize=0x200
Mcu.Pin15=PA1
NVIC.HardFault_IRQn=true\:0\:0\:false\:false\:true\:false\:false\:false
Mcu.Pin16=PA2
PB1.Mode=PWM Generation3 CH3 CH3N
Dma.ADC1.2.FIFOMode=DMA_FIFOMODE_ENABLE
Mcu.Pin13=PC3
Mcu.Pin14=PA0/WKUP
Mcu.Pin19=PA6
Mcu.Pin17=PA4
Mcu.Pin18=PA5
NVIC.PriorityGroup=NVIC_PRIORITYGROUP_4
Dma.ADC2.7.PeriphBurst=DMA_PBURST_SINGLE
Mcu.Pin11=PC1
Mcu.Pin12=PC2
Mcu.Pin10=PC0
PE3.Signal=GPIO_Input
PC15/OSC32_OUT.Signal=GPIO_Input
ADC1.SamplingTime-9\#ChannelRegularConversion=ADC_SAMPLETIME_15CYCLES
Dma.USART1_RX.1.Direction=DMA_PERIPH_TO_MEMORY
PD2.Signal=GPIO_Input
ADC1.Rank-5\#ChannelRegularConversion=2
TIM12.IPParameters=Period
TIM8.CounterMode=TIM_COUNTERMODE_CENTERALIGNED3
Mcu.Family=STM32F7
Dma.ADC2.7.RequestParameters=Instance,Direction,PeriphInc,MemInc,PeriphDataAlignment,MemDataAlignment,Mode,Priority,FIFOMode,FIFOThreshold,MemBurst,PeriphBurst
ProjectManager.MainLocation=Src
ADC2.ExternalTrigConv=ADC_EXTERNALTRIGCONV_T8_TRGO2
USB_DEVICE.CLASS_NAME_FS=CDC
ProjectManager.KeepUserCode=true
ADC2.Rank-10\#ChannelRegularConversion=3
Dma.USART3_TX.3.PeriphDataAlignment=DMA_PDATAALIGN_BYTE
ADC1.ContinuousConvMode=DISABLE
ADC2.InjectedOffset-11\#ChannelInjectedConversion=0
USART1.BaudRate=115200
PA11.Mode=Device_Only
PD6.Locked=true
VP_TIM8_VS_ControllerModeTrigger.Mode=Trigger Mode
ADC2.InjectedRank-11\#ChannelInjectedConversion=1
PD2.Locked=true
SH.S_TIM1_CH3.ConfNb=1
PB15.Signal=SPI2_MOSI
PC14/OSC32_IN.PinState=GPIO_PIN_SET
Dma.ADC2.7.FIFOThreshold=DMA_FIFO_THRESHOLD_FULL
PD9.Mode=Asynchronous
Dma.USART2_RX.5.Mode=DMA_NORMAL
ADC3.Rank-2\#ChannelRegularConversion=1
Mcu.IP4=DMA
Mcu.IP5=FREERTOS
RCC.FCLKCortexFreq_Value=216000000
Mcu.IP2=ADC3
Mcu.IP3=CORTEX_M7
Mcu.IP0=ADC1
Mcu.IP1=ADC2
Dma.USART1_TX.0.Priority=DMA_PRIORITY_LOW
RCC.SDMMCFreq_Value=216000000
Dma.UART4_TX.9.MemDataAlignment=DMA_MDATAALIGN_BYTE
ProjectManager.PreviousToolchain=
PA8.GPIOParameters=GPIO_Label,GPIO_ModeDefaultEXTI
PE14.PinState=GPIO_PIN_RESET
FREERTOS.IPParameters=Tasks01,HEAP_NUMBER,configMINIMAL_STACK_SIZE
Dma.USART2_RX.5.MemDataAlignment=DMA_MDATAALIGN_BYTE
TIM8.IPParameters=CounterMode,Period,AutoReloadPreload,TIM_MasterOutputTrigger,TIM_MasterOutputTrigger2,RepetitionCounter,Channel-PWM Generation1 CH1 CH1N,Channel-PWM Generation2 CH2 CH2N,Channel-PWM Generation3 CH3 CH3N,OCMode_PWM-PWM Generation1 CH1 CH1N,OCMode_PWM-PWM Generation2 CH2 CH2N,OCMode_PWM-PWM Generation3 CH3 CH3N
PD5.Mode=Asynchronous
ADC1.Channel-0\#ChannelRegularConversion=ADC_CHANNEL_1
RCC.HSE_VALUE=12000000
NVIC.DebugMonitor_IRQn=true\:0\:0\:false\:false\:true\:false\:false\:false
Mcu.IP10=TIM1
NVIC.SysTick_IRQn=true\:15\:0\:false\:false\:false\:true\:false\:false
Mcu.IP12=TIM3
Dma.ADC1.2.PeriphBurst=DMA_PBURST_SINGLE
Mcu.IP11=TIM2
Dma.USART3_RX.4.PeriphInc=DMA_PINC_DISABLE
PC15/OSC32_OUT.GPIOParameters=GPIO_PuPd
Mcu.IP18=USART1
Mcu.IP17=UART4
Mcu.IP19=USART2
Dma.ADC2.7.PeriphInc=DMA_PINC_DISABLE
Mcu.IP14=TIM5
Mcu.IP13=TIM4
Mcu.IP16=TIM12
Mcu.IP15=TIM8
RCC.VCOInputFreq_Value=2000000
PE8.Locked=true
PC13.GPIO_PuPd=GPIO_PULLUP
PE3.Locked=true
PB7.Signal=S_TIM4_CH2
Mcu.IP21=USB_DEVICE
Mcu.IP20=USART3
VP_TIM12_VS_ClockSourceINT.Mode=Internal
Mcu.IP22=USB_OTG_FS
SH.S_TIM3_CH1.0=TIM3_CH1,Input_Capture1_from_TI1
ADC2.Channel-9\#ChannelRegularConversion=ADC_CHANNEL_11
Dma.UART4_TX.9.MemInc=DMA_MINC_ENABLE
Dma.USART2_RX.5.Priority=DMA_PRIORITY_VERY_HIGH
TIM8.OCMode_PWM-PWM\ Generation1\ CH1\ CH1N=TIM_OCMODE_PWM2
PA6.Signal=ADCx_IN6
NVIC.OTG_FS_IRQn=true\:5\:0\:true\:false\:true\:true\:false\:true
ProjectManager.ToolChainLocation=
PA15.Signal=UART4_DE
TIM8.OCMode_PWM-PWM\ Generation3\ CH3\ CH3N=TIM_OCMODE_PWM2
Dma.USART3_RX.4.Instance=DMA1_Stream1
Dma.USART2_TX.6.Mode=DMA_NORMAL
SH.ADCx_IN1.0=ADC1_IN1,IN1
ADC2.NbrOfConversion=3
ADC3.InjectedOffset-3\#ChannelInjectedConversion=0
Dma.Request2=ADC1
Dma.Request1=USART1_RX
Dma.Request4=USART3_RX
Dma.Request3=USART3_TX
SH.S_TIM5_CH1.0=TIM5_CH1,PWM_Input_1
Dma.Request6=USART2_TX
Dma.Request5=USART2_RX
Dma.Request8=UART4_RX
PC5.Signal=ADCx_IN15
Dma.Request7=ADC2
TIM8.OCMode_PWM-PWM\ Generation2\ CH2\ CH2N=TIM_OCMODE_PWM2
PD6.Signal=USART2_RX
ADC1.Rank-6\#ChannelRegularConversion=3
Dma.Request0=USART1_TX
ADC1.SamplingTime-8\#ChannelRegularConversion=ADC_SAMPLETIME_15CYCLES
PE12.Locked=true
VP_TIM3_VS_ClockSourceINT.Mode=Internal
Dma.USART3_RX.4.FIFOMode=DMA_FIFOMODE_DISABLE
PC13.PinState=GPIO_PIN_SET
PB4.Signal=S_TIM3_CH1
Mcu.Pin82=VP_USB_DEVICE_VS_USB_DEVICE_CDC_FS
RCC.I2SFreq_Value=192000000
PC14/OSC32_IN.GPIO_Speed=GPIO_SPEED_FREQ_LOW
SH.ADCx_IN13.0=ADC2_IN13,IN13
TIM1.OCMode_PWM-PWM\ Generation4\ No\ Output=TIM_OCMODE_PWM2
ADC2.SamplingTime-8\#ChannelRegularConversion=ADC_SAMPLETIME_15CYCLES
ADC2.ExternalTrigInjecConv=ADC_EXTERNALTRIGINJECCONV_T8_TRGO2
ADC3.InjectedRank-3\#ChannelInjectedConversion=1
Dma.USART1_TX.0.MemInc=DMA_MINC_ENABLE
RCC.UART7Freq_Value=54000000
PE14.GPIOParameters=PinState
Dma.USART1_TX.0.PeriphInc=DMA_PINC_DISABLE
PA10.Mode=Asynchronous
PC9.GPIO_Label=LED_STATUS
USART2.VirtualMode-Hardware\ Flow\ Control\ (RS485)=VM_ASYNC
Dma.USART2_RX.5.PeriphInc=DMA_PINC_DISABLE
NVIC.SavedSvcallIrqHandlerGenerated=true
ADC1.Rank-8\#ChannelRegularConversion=5
PC11.Signal=UART4_RX
VP_SYS_VS_tim7.Mode=TIM7
PC8.Signal=S_TIM8_CH3
PC10.Mode=Asynchronous
ProjectManager.DefaultFWLocation=true
PC2.Mode=Full_Duplex_Master
PD9.Signal=USART3_RX
Dma.UART4_TX.9.Direction=DMA_MEMORY_TO_PERIPH
ProjectManager.DeletePrevious=true
SH.S_TIM3_CH3.0=TIM3_CH3,Input_Capture3_from_TI3
Dma.UART4_RX.8.RequestParameters=Instance,Direction,PeriphInc,MemInc,PeriphDataAlignment,MemDataAlignment,Mode,Priority,FIFOMode
USB_DEVICE.IPParameters=VirtualMode-CDC_FS,VirtualModeFS,CLASS_NAME_FS,PRODUCT_STRING_CDC_FS
TIM4.Channel-Input_Capture2_from_TI2=TIM_CHANNEL_2
RCC.FamilyName=M
PE15.GPIOParameters=PinState,GPIO_PuPd
Dma.UART4_TX.9.PeriphDataAlignment=DMA_PDATAALIGN_BYTE
USART1.VirtualMode-Asynchronous=VM_ASYNC
Dma.USART2_TX.6.FIFOMode=DMA_FIFOMODE_DISABLE
PA9.Mode=Asynchronous
SH.S_TIM1_CH1.0=TIM1_CH1,PWM Generation1 CH1 CH1N
Dma.USART3_RX.4.RequestParameters=Instance,Direction,PeriphInc,MemInc,PeriphDataAlignment,MemDataAlignment,Mode,Priority,FIFOMode
SH.S_TIM4_CH3.0=TIM4_CH3,Input_Capture3_from_TI3
Dma.USART1_TX.0.RequestParameters=Instance,Direction,PeriphInc,MemInc,PeriphDataAlignment,MemDataAlignment,Mode,Priority,FIFOMode
SPI2.IPParameters=VirtualType,Mode,Direction,CalculateBaudRate,BaudRatePrescaler,DataSize,CLKPhase,CRCCalculation
RCC.USBFreq_Value=48000000
VP_TIM3_VS_ClockSourceINT.Signal=TIM3_VS_ClockSourceINT
PA1.Signal=ADCx_IN1
SH.S_TIM4_CH3.ConfNb=1
RCC.VCOI2SOutputFreq_Value=384000000
RCC.PLLSAIPCLKFreq_Value=192000000
board=custom
RCC.VCOOutputFreq_Value=432000000
PB15.Mode=Full_Duplex_Master
VP_TIM1_VS_no_output4.Mode=PWM Generation4 No Output
RCC.UART4Freq_Value=54000000
SH.ADCx_IN11.0=ADC2_IN11,IN11
ADC2.Rank-9\#ChannelRegularConversion=2
MxCube.Version=6.0.1
SH.ADCx_IN2.ConfNb=2
NVIC.DMA2_Stream5_IRQn=true\:5\:0\:false\:false\:true\:true\:false\:true
Dma.USART2_TX.6.Instance=DMA1_Stream6
Dma.UART4_RX.8.PeriphDataAlignment=DMA_PDATAALIGN_BYTE
PE5.Locked=true
RCC.UART5Freq_Value=54000000
ADC1.NbrOfConversion=6
RCC.IPParameters=AHBFreq_Value,APB1CLKDivider,APB1Freq_Value,APB1TimFreq_Value,APB2CLKDivider,APB2Freq_Value,APB2TimFreq_Value,CECFreq_Value,CortexFreq_Value,EthernetFreq_Value,FCLKCortexFreq_Value,FamilyName,HCLKFreq_Value,HSE_VALUE,HSI_VALUE,I2C1Freq_Value,I2C2Freq_Value,I2C3Freq_Value,I2C4Freq_Value,I2SFreq_Value,LPTIM1Freq_Value,LSE_VALUE,LSI_VALUE,MCO2PinFreq_Value,PLLCLKFreq_Value,PLLI2SPCLKFreq_Value,PLLI2SQCLKFreq_Value,PLLI2SRCLKFreq_Value,PLLI2SRoutputFreq_Value,PLLM,PLLN,PLLQ,PLLQCLKFreq_Value,PLLQoutputFreq_Value,PLLSAIPCLKFreq_Value,PLLSAIQCLKFreq_Value,PLLSAIRCLKFreq_Value,PLLSAIoutputFreq_Value,RNGFreq_Value,SAI1Freq_Value,SAI2Freq_Value,SDMMCFreq_Value,SPDIFRXFreq_Value,SYSCLKFreq_VALUE,SYSCLKSource,UART4Freq_Value,UART5Freq_Value,UART7Freq_Value,UART8Freq_Value,USART1Freq_Value,USART2Freq_Value,USART3Freq_Value,USART6Freq_Value,USBFreq_Value,VCOI2SOutputFreq_Value,VCOInputFreq_Value,VCOOutputFreq_Value,VCOSAIOutputFreq_Value
PD7.GPIO_ModeDefaultEXTI=GPIO_MODE_IT_RISING
ProjectManager.AskForMigrate=true
PE12.Signal=TIM1_CH3N
NVIC.SavedPendsvIrqHandlerGenerated=true
PB2.Locked=true
Mcu.IP8=SPI2
Mcu.IP9=SYS
Mcu.IP6=NVIC
Mcu.IP7=RCC
ProjectManager.CoupleFile=false
RCC.SYSCLKFreq_VALUE=216000000
Dma.USART2_RX.5.FIFOMode=DMA_FIFOMODE_DISABLE
USART1.OverSampling=UART_OVERSAMPLING_8
KeepUserPlacement=false
Dma.ADC2.7.MemBurst=DMA_MBURST_SINGLE
Dma.USART1_TX.0.MemDataAlignment=DMA_MDATAALIGN_BYTE
NVIC.EXTI9_5_IRQn=true\:2\:0\:true\:false\:true\:false\:true\:true
PE15.GPIO_PuPd=GPIO_PULLUP
Dma.USART2_RX.5.Instance=DMA1_Stream5
SH.S_TIM1_CH3.0=TIM1_CH3,PWM Generation3 CH3 CH3N
ADC2.Channel-12\#ChannelInjectedConversion=ADC_CHANNEL_11
RCC.HSI_VALUE=16000000
RCC.PLLQ=9
RCC.PLLM=6
RCC.PLLN=216
PB7.Locked=true
NVIC.DMA1_Stream3_IRQn=true\:5\:0\:false\:false\:true\:true\:false\:true
TIM5.Period=0xFFFFFFFF
CORTEX_M7.CPU_DCache=Disabled
Dma.ADC1.2.MemBurst=DMA_MBURST_SINGLE
PD9.Locked=true
ADC3.NbrOfConversionFlag=1
ADC2.InjNumberOfConversion=3
SH.S_TIM8_CH2.ConfNb=1
RCC.USART1Freq_Value=108000000
ADC2.SamplingTime-13\#ChannelInjectedConversion=ADC_SAMPLETIME_15CYCLES
SPI2.VirtualType=VM_MASTER
PB10.Mode=Full_Duplex_Master
VP_TIM5_VS_ClockSourceINT.Signal=TIM5_VS_ClockSourceINT
ADC3.ExternalTrigInjecConv=ADC_EXTERNALTRIGINJECCONV_T1_TRGO
PC12.Locked=true
TIM1.Pulse-PWM\ Generation1\ CH1\ CH1N=TIM1_PERIOD_CLOCKS/2
TIM1.IPParameters=Period,AutoReloadPreload,TIM_MasterOutputTrigger,Channel-PWM Generation1 CH1 CH1N,Channel-PWM Generation2 CH2 CH2N,Channel-PWM Generation3 CH3 CH3N,Pulse-PWM Generation1 CH1 CH1N,Pulse-PWM Generation2 CH2 CH2N,Pulse-PWM Generation3 CH3 CH3N,CounterMode,OCMode_PWM-PWM Generation3 CH3 CH3N,OCMode_PWM-PWM Generation2 CH2 CH2N,OCMode_PWM-PWM Generation1 CH1 CH1N,RepetitionCounter,Channel-PWM Generation4 No Output,OCMode_PWM-PWM Generation4 No Output,Pulse-PWM Generation4 No Output,TIM_MasterOutputTrigger2
Dma.USART3_TX.3.MemInc=DMA_MINC_ENABLE
ADC1.SamplingTime-6\#ChannelRegularConversion=ADC_SAMPLETIME_15CYCLES
NVIC.DMA1_Stream2_IRQn=true\:0\:0\:false\:false\:true\:true\:false\:true
RCC.PLLCLKFreq_Value=216000000
PC12.Signal=GPIO_Output
PC15/OSC32_OUT.GPIO_PuPd=GPIO_PULLUP
CORTEX_M7.PREFETCH_ENABLE=1
Dma.USART3_RX.4.MemDataAlignment=DMA_MDATAALIGN_BYTE
PinOutPanel.RotationAngle=0
ADC1.Channel-8\#ChannelRegularConversion=ADC_CHANNEL_14
RCC.SYSCLKSource=RCC_SYSCLKSOURCE_PLLCLK
USART3.VirtualMode-Asynchronous=VM_ASYNC
PD14.GPIO_Speed=GPIO_SPEED_FREQ_LOW
USART3.BaudRate=2500000
ADC1.SamplingTime-10\#ChannelInjectedConversion=ADC_SAMPLETIME_15CYCLES
Dma.UART4_RX.8.PeriphInc=DMA_PINC_DISABLE
PD4.Signal=USART2_DE
ADC1.InjNumberOfConversion=3
PH1/OSC_OUT.Signal=RCC_OSC_OUT
PC3.Signal=ADCx_IN13
RCC.SAI2Freq_Value=192000000
PE5.Signal=GPIO_Output
PE10.Locked=true
Dma.UART4_RX.8.Mode=DMA_CIRCULAR
PB2.Signal=GPIO_Output
ADC3.SamplingTime-2\#ChannelRegularConversion=ADC_SAMPLETIME_3CYCLES
SH.ADCx_IN14.ConfNb=1
SH.GPXTI7.0=GPIO_EXTI7
TIM12.Period=0xFFFF
MxDb.Version=DB.6.0.0
PE15.Locked=true
Dma.ADC1.2.MemDataAlignment=DMA_MDATAALIGN_WORD
SH.ADCx_IN1.ConfNb=1
SPI2.CalculateBaudRate=843.75 KBits/s
ADC3.IPParameters=Rank-2\#ChannelRegularConversion,Channel-2\#ChannelRegularConversion,SamplingTime-2\#ChannelRegularConversion,NbrOfConversionFlag,NbrOfConversion,InjectedRank-3\#ChannelInjectedConversion,Channel-3\#ChannelInjectedConversion,SamplingTime-3\#ChannelInjectedConversion,InjectedOffset-3\#ChannelInjectedConversion,InjNumberOfConversion,ExternalTrigInjecConv,ExternalTrigInjecConvEdge
Dma.ADC1.2.Direction=DMA_PERIPH_TO_MEMORY
SH.ADCx_IN11.ConfNb=1
SH.S_TIM4_CH2.0=TIM4_CH2,Input_Capture2_from_TI2
PE2.Signal=GPIO_Input
Dma.UART4_TX.9.Instance=DMA1_Stream4
SH.ADCx_IN4.ConfNb=1
NVIC.PendSV_IRQn=true\:15\:0\:false\:false\:false\:true\:false\:false
ADC3.Channel-2\#ChannelRegularConversion=ADC_CHANNEL_2
Dma.USART1_TX.0.PeriphDataAlignment=DMA_PDATAALIGN_BYTE
PE10.Signal=TIM1_CH2N
VP_TIM1_VS_ClockSourceINT.Mode=Internal
ADC1.SamplingTime-0\#ChannelRegularConversion=ADC_SAMPLETIME_15CYCLES
Dma.ADC2.7.MemInc=DMA_MINC_ENABLE
RCC.MCO2PinFreq_Value=216000000
Dma.USART2_TX.6.PeriphDataAlignment=DMA_PDATAALIGN_BYTE
PD11.Locked=true
SH.ADCx_IN14.0=ADC1_IN14,IN14
Dma.USART2_RX.5.PeriphDataAlignment=DMA_PDATAALIGN_BYTE
SH.GPXTI8.ConfNb=1
Dma.USART1_RX.1.PeriphInc=DMA_PINC_DISABLE
Dma.USART2_TX.6.RequestParameters=Instance,Direction,PeriphInc,MemInc,PeriphDataAlignment,MemDataAlignment,Mode,Priority,FIFOMode
NVIC.DMA2_Stream2_IRQn=true\:0\:0\:false\:false\:true\:true\:false\:true
PD4.Mode=Hardware Flow Control (RS485)
RCC.CECFreq_Value=32786.88524590164
NVIC.BusFault_IRQn=true\:0\:0\:false\:false\:true\:false\:false\:false
TIM1.OCMode_PWM-PWM\ Generation2\ CH2\ CH2N=TIM_OCMODE_PWM2
TIM1.Period=TIM1_PERIOD_CLOCKS
NVIC.USART1_IRQn=true\:5\:0\:false\:false\:true\:true\:true\:true
ProjectManager.CustomerFirmwarePackage=
ADC2.Channel-10\#ChannelRegularConversion=ADC_CHANNEL_13
ADC3.Channel-3\#ChannelInjectedConversion=ADC_CHANNEL_2
Dma.USART2_TX.6.MemInc=DMA_MINC_ENABLE
RCC.PLLQoutputFreq_Value=48000000
Dma.USART1_RX.1.MemDataAlignment=DMA_MDATAALIGN_BYTE
ADC1.Rank-0\#ChannelRegularConversion=1
TIM5.IPParameters=Period
TIM3.Channel-Input_Capture2_from_TI2=TIM_CHANNEL_2
Dma.Request9=UART4_TX
ADC1.IPParameters=Rank-0\#ChannelRegularConversion,master,Channel-0\#ChannelRegularConversion,SamplingTime-0\#ChannelRegularConversion,NbrOfConversionFlag,NbrOfConversion,InjectedRank-1\#ChannelInjectedConversion,Channel-1\#ChannelInjectedConversion,SamplingTime-1\#ChannelInjectedConversion,InjectedOffset-1\#ChannelInjectedConversion,InjectedRank-2\#ChannelInjectedConversion,Channel-2\#ChannelInjectedConversion,SamplingTime-2\#ChannelInjectedConversion,InjectedOffset-2\#ChannelInjectedConversion,InjNumberOfConversion,ExternalTrigInjecConv,ExternalTrigInjecConvEdge,InjectedConvMode,Rank-5\#ChannelRegularConversion,Channel-5\#ChannelRegularConversion,SamplingTime-5\#ChannelRegularConversion,ContinuousConvMode,EOCSelection,Rank-6\#ChannelRegularConversion,Channel-6\#ChannelRegularConversion,SamplingTime-6\#ChannelRegularConversion,Rank-7\#ChannelRegularConversion,Channel-7\#ChannelRegularConversion,SamplingTime-7\#ChannelRegularConversion,Rank-8\#ChannelRegularConversion,Channel-8\#ChannelRegularConversion,SamplingTime-8\#ChannelRegularConversion,DMAContinuousRequests,ExternalTrigConv,ExternalTrigConvEdge,Rank-9\#ChannelRegularConversion,Channel-9\#ChannelRegularConversion,SamplingTime-9\#ChannelRegularConversion,InjectedRank-10\#ChannelInjectedConversion,Channel-10\#ChannelInjectedConversion,SamplingTime-10\#ChannelInjectedConversion,InjectedOffset-10\#ChannelInjectedConversion
ADC2.SamplingTime-10\#ChannelRegularConversion=ADC_SAMPLETIME_15CYCLES
PE10.Mode=PWM Generation2 CH2 CH2N
PC6.Signal=S_TIM8_CH1
PC9.PinState=GPIO_PIN_SET
PD7.Signal=GPXTI7
PD1.Signal=GPIO_Input
TIM1.Channel-PWM\ Generation1\ CH1\ CH1N=TIM_CHANNEL_1
ADC1.ExternalTrigConvEdge=ADC_EXTERNALTRIGCONVEDGE_RISINGFALLING
RCC.UART8Freq_Value=54000000
PC0.Signal=ADCx_IN10
RCC.APB1CLKDivider=RCC_HCLK_DIV4
Dma.USART3_RX.4.PeriphDataAlignment=DMA_PDATAALIGN_BYTE
SH.S_TIM2_CH1_ETR.ConfNb=1
SH.S_TIM8_CH2.0=TIM8_CH2,PWM Generation2 CH2 CH2N
ADC1.Channel-7\#ChannelRegularConversion=ADC_CHANNEL_6
PE8.Mode=PWM Generation1 CH1 CH1N
ADC2.Rank-8\#ChannelRegularConversion=1
ADC1.InjectedOffset-10\#ChannelInjectedConversion=0
TIM4.IPParameters=Channel-Input_Capture1_from_TI1,Channel-Input_Capture2_from_TI2,Channel-Input_Capture3_from_TI3
USB_DEVICE.PRODUCT_STRING_CDC_FS=SIGMADRIVE Virtual ComPort
SPI2.CRCCalculation=SPI_CRCCALCULATION_DISABLE
ADC2.IPParameters=Rank-8\#ChannelRegularConversion,Channel-8\#ChannelRegularConversion,SamplingTime-8\#ChannelRegularConversion,NbrOfConversionFlag,ScanConvMode,Rank-9\#ChannelRegularConversion,Channel-9\#ChannelRegularConversion,SamplingTime-9\#ChannelRegularConversion,Rank-10\#ChannelRegularConversion,Channel-10\#ChannelRegularConversion,SamplingTime-10\#ChannelRegularConversion,NbrOfConversion,ExternalTrigConv,ExternalTrigConvEdge,DMAContinuousRequests,InjectedRank-11\#ChannelInjectedConversion,Channel-11\#ChannelInjectedConversion,SamplingTime-11\#ChannelInjectedConversion,InjectedOffset-11\#ChannelInjectedConversion,InjectedRank-12\#ChannelInjectedConversion,Channel-12\#ChannelInjectedConversion,SamplingTime-12\#ChannelInjectedConversion,InjectedOffset-12\#ChannelInjectedConversion,InjNumberOfConversion,ExternalTrigInjecConv,ExternalTrigInjecConvEdge,InjectedRank-13\#ChannelInjectedConversion,Channel-13\#ChannelInjectedConversion,SamplingTime-13\#ChannelInjectedConversion,InjectedOffset-13\#ChannelInjectedConversion
PA9.Signal=USART1_TX
PB5.Locked=true
TIM1.Channel-PWM\ Generation3\ CH3\ CH3N=TIM_CHANNEL_3
Dma.ADC1.2.RequestParameters=Instance,Direction,PeriphInc,MemInc,PeriphDataAlignment,MemDataAlignment,Mode,Priority,FIFOMode,FIFOThreshold,MemBurst,PeriphBurst
ADC1.Channel-1\#ChannelInjectedConversion=ADC_CHANNEL_1
ADC3.NbrOfConversion=1
PD7.Locked=true
ADC2.SamplingTime-11\#ChannelInjectedConversion=ADC_SAMPLETIME_15CYCLES
PB10.Signal=SPI2_SCK
PD14.PinState=GPIO_PIN_RESET
TIM8.AutoReloadPreload=TIM_AUTORELOAD_PRELOAD_ENABLE
ProjectManager.LastFirmware=true
PE15.Signal=GPIO_Output
ADC1.InjectedOffset-1\#ChannelInjectedConversion=0
PE8.Signal=TIM1_CH1N
VP_TIM12_VS_ClockSourceINT.Signal=TIM12_VS_ClockSourceINT
RCC.RNGFreq_Value=48000000
PC2.GPIOParameters=GPIO_PuPd
Dma.ADC2.7.Instance=DMA2_Stream2
RCC.EthernetFreq_Value=216000000
TIM3.IPParameters=Channel-Input_Capture1_from_TI1,Channel-Input_Capture2_from_TI2,Channel-Input_Capture3_from_TI3
ADC1.DMAContinuousRequests=ENABLE
ProjectManager.FreePins=false
TIM1.Pulse-PWM\ Generation3\ CH3\ CH3N=TIM1_PERIOD_CLOCKS/2
ProjectManager.UnderRoot=false
PA4.Signal=ADCx_IN4
PB5.Signal=S_TIM3_CH2
Dma.USART2_TX.6.PeriphInc=DMA_PINC_DISABLE
PD12.Mode=Hardware Flow Control (RS485)
PD11.Signal=GPIO_Input
ProjectManager.CompilerOptimize=6
ADC2.Channel-11\#ChannelInjectedConversion=ADC_CHANNEL_10
PA11.Signal=USB_OTG_FS_DM
SH.S_TIM2_CH1_ETR.0=TIM2_CH1,PWM_Input_1
ADC1.SamplingTime-5\#ChannelRegularConversion=ADC_SAMPLETIME_15CYCLES
SH.S_TIM3_CH1.ConfNb=1
NVIC.TIM1_UP_TIM10_IRQn=true\:5\:0\:true\:false\:true\:true\:true\:true
ProjectManager.ComputerToolchain=false
Dma.USART3_RX.4.MemInc=DMA_MINC_ENABLE
VP_TIM4_VS_ClockSourceINT.Mode=Internal
Dma.USART2_TX.6.Priority=DMA_PRIORITY_VERY_HIGH
PE2.Locked=true
ADC1.InjectedRank-1\#ChannelInjectedConversion=1
SPI2.DataSize=SPI_DATASIZE_16BIT
Dma.ADC2.7.FIFOMode=DMA_FIFOMODE_ENABLE
RCC.I2C2Freq_Value=54000000
PD1.Locked=true
PB0.Signal=S_TIM3_CH3
PC1.Signal=ADCx_IN11
PD7.GPIOParameters=GPIO_PuPd,GPIO_Label,GPIO_ModeDefaultEXTI
Dma.USART3_TX.3.Priority=DMA_PRIORITY_VERY_HIGH
NVIC.USART3_IRQn=true\:1\:0\:true\:false\:true\:false\:true\:true
Dma.ADC2.7.MemDataAlignment=DMA_MDATAALIGN_WORD
SH.S_TIM4_CH2.ConfNb=1
RCC.SAI1Freq_Value=192000000
RCC.CortexFreq_Value=216000000
Dma.USART3_RX.4.Priority=DMA_PRIORITY_VERY_HIGH
Mcu.UserName=STM32F745VGTx
TIM1.RepetitionCounter=TIM1_RCR
SH.ADCx_IN2.0=ADC1_IN2,IN2
PC10.Locked=true
SH.ADCx_IN2.1=ADC3_IN2,IN2
PC10.Signal=UART4_TX
ProjectManager.functionlistsort=1-MX_GPIO_Init-GPIO-false-HAL-true,2-MX_DMA_Init-DMA-false-HAL-true,3-SystemClock_Config-RCC-false-HAL-false,4-MX_USB_DEVICE_Init-USB_DEVICE-false-HAL-false,5-MX_USART1_UART_Init-USART1-false-HAL-true,6-MX_TIM4_Init-TIM4-false-HAL-true,7-MX_ADC1_Init-ADC1-false-HAL-true,8-MX_TIM1_Init-TIM1-false-HAL-true,9-MX_ADC2_Init-ADC2-false-HAL-true,10-MX_ADC3_Init-ADC3-false-HAL-true,11-MX_USART3_UART_Init-USART3-false-HAL-true,12-MX_TIM5_Init-TIM5-false-HAL-true,13-MX_TIM8_Init-TIM8-false-HAL-true,14-MX_TIM12_Init-TIM12-false-HAL-true,15-MX_USART2_UART_Init-USART2-false-HAL-true,16-MX_SPI2_Init-SPI2-false-HAL-true,17-MX_UART4_Init-UART4-false-HAL-true,18-MX_TIM2_Init-TIM2-false-HAL-true,19-MX_TIM3_Init-TIM3-false-HAL-true,0-MX_CORTEX_M7_Init-CORTEX_M7-false-HAL-true
PA0/WKUP.Signal=S_TIM5_CH1
PC9.Locked=true
RCC.PLLI2SRCLKFreq_Value=192000000
USB_DEVICE.VirtualMode-CDC_FS=Cdc
Dma.UART4_RX.8.FIFOMode=DMA_FIFOMODE_DISABLE
RCC.USART2Freq_Value=54000000
NVIC.DMA1_Stream4_IRQn=true\:0\:0\:false\:false\:true\:true\:false\:true
Dma.UART4_RX.8.Priority=DMA_PRIORITY_LOW
ProjectManager.StackSize=0x400
VP_FREERTOS_VS_CMSIS_V2.Mode=CMSIS_V2
TIM4.Channel-Input_Capture1_from_TI1=TIM_CHANNEL_1
ADC2.SamplingTime-9\#ChannelRegularConversion=ADC_SAMPLETIME_15CYCLES
VP_TIM8_VS_ClockSourceITR.Signal=TIM8_VS_ClockSourceITR
RCC.I2C3Freq_Value=54000000
Dma.USART2_RX.5.MemInc=DMA_MINC_ENABLE
NVIC.ADC_IRQn=true\:5\:0\:false\:false\:true\:true\:true\:true
TIM3.Channel-Input_Capture3_from_TI3=TIM_CHANNEL_3
PA12.Signal=USB_OTG_FS_DP
Mcu.UserConstants=TIM1_PERIOD_CLOCKS,6000;TIM1_RCR,0;SYSTEM_CORE_CLOCK,216000000
Dma.USART2_TX.6.MemDataAlignment=DMA_MDATAALIGN_BYTE
ADC2.DMAContinuousRequests=ENABLE
Mcu.ThirdPartyNb=0
TIM8.Channel-PWM\ Generation2\ CH2\ CH2N=TIM_CHANNEL_2
PH0/OSC_IN.Mode=HSE-External-Oscillator
RCC.HCLKFreq_Value=216000000
RCC.PLLI2SRoutputFreq_Value=192000000
Mcu.IPNb=23
RCC.SPDIFRXFreq_Value=192000000
Mcu.Pin6=PC14/OSC32_IN
Mcu.Pin7=PC15/OSC32_OUT
NVIC.DMA2_Stream0_IRQn=true\:5\:0\:false\:false\:true\:true\:false\:true
Mcu.Pin8=PH0/OSC_IN
Mcu.Pin9=PH1/OSC_OUT
RCC.VCOSAIOutputFreq_Value=384000000
Dma.USART1_RX.1.MemInc=DMA_MINC_ENABLE
RCC.AHBFreq_Value=216000000
SPI2.BaudRatePrescaler=SPI_BAUDRATEPRESCALER_64
Mcu.Pin0=PE2
Mcu.Pin1=PE3
GPIO.groupedBy=Group By Peripherals
Mcu.Pin2=PE4
Mcu.Pin3=PE5
Mcu.Pin4=PE6
Mcu.Pin5=PC13
TIM8.Channel-PWM\ Generation1\ CH1\ CH1N=TIM_CHANNEL_1
ADC1.ExternalTrigInjecConv=ADC_EXTERNALTRIGINJECCONV_T1_TRGO2
ADC3.InjNumberOfConversion=1
USART2.VirtualMode-Asynchronous=VM_ASYNC
PA15.Mode=Hardware Flow Control (RS485)
ADC2.InjectedOffset-12\#ChannelInjectedConversion=0
ADC1.Channel-6\#ChannelRegularConversion=ADC_CHANNEL_4
Dma.USART3_TX.3.Direction=DMA_MEMORY_TO_PERIPH
PE13.Signal=S_TIM1_CH3
File.Version=6
SH.ADCx_IN13.ConfNb=1
SH.ADCx_IN6.ConfNb=1
PH1/OSC_OUT.Mode=HSE-External-Oscillator
PE4.Signal=GPIO_Input
Dma.RequestsNb=10
ProjectManager.ProjectName=sigmadrive
Dma.UART4_RX.8.Instance=DMA1_Stream2
SH.S_TIM8_CH3.ConfNb=1
PD7.GPIO_Label=ENCODER_Z
TIM8.Channel-PWM\ Generation3\ CH3\ CH3N=TIM_CHANNEL_3
NVIC.DMA2_Stream7_IRQn=true\:5\:0\:false\:false\:true\:true\:false\:true
PC14/OSC32_IN.Signal=GPIO_Output
ADC1.SamplingTime-1\#ChannelInjectedConversion=ADC_SAMPLETIME_15CYCLES
PD14.Locked=true
RCC.LSI_VALUE=32000
USB_OTG_FS.VirtualMode=Device_Only
Dma.USART1_TX.0.Instance=DMA2_Stream7
VP_USB_DEVICE_VS_USB_DEVICE_CDC_FS.Signal=USB_DEVICE_VS_USB_DEVICE_CDC_FS
Dma.USART1_TX.0.FIFOMode=DMA_FIFOMODE_DISABLE
SPI2.CLKPhase=SPI_PHASE_2EDGE
ADC2.InjectedRank-12\#ChannelInjectedConversion=2
SPI2.Direction=SPI_DIRECTION_2LINES
Dma.USART1_RX.1.Priority=DMA_PRIORITY_LOW
ADC1.SamplingTime-2\#ChannelInjectedConversion=ADC_SAMPLETIME_15CYCLES
NVIC.TIM7_IRQn=true\:0\:0\:false\:false\:true\:false\:false\:true
ADC1.ExternalTrigInjecConvEdge=ADC_EXTERNALTRIGINJECCONVEDGE_RISINGFALLING
Dma.UART4_TX.9.Priority=DMA_PRIORITY_LOW
CORTEX_M7.CPU_ICache=Enabled
PA7.Mode=PWM Generation1 CH1 CH1N
VP_TIM8_VS_ControllerModeTrigger.Signal=TIM8_VS_ControllerModeTrigger
ProjectManager.NoMain=false
USB_DEVICE.VirtualModeFS=Cdc_FS
Dma.ADC2.7.Direction=DMA_PERIPH_TO_MEMORY
Dma.ADC1.2.PeriphDataAlignment=DMA_PDATAALIGN_WORD
PC4.Signal=ADCx_IN14
PD5.Signal=USART2_TX
NVIC.DMA1_Stream1_IRQn=true\:1\:0\:true\:false\:true\:true\:false\:true
Dma.UART4_RX.8.MemInc=DMA_MINC_ENABLE
Dma.UART4_RX.8.MemDataAlignment=DMA_MDATAALIGN_BYTE
ADC2.InjectedOffset-13\#ChannelInjectedConversion=0
NVIC.USART2_IRQn=true\:1\:0\:true\:false\:true\:true\:true\:true
Dma.UART4_TX.9.FIFOMode=DMA_FIFOMODE_DISABLE
PD12.Locked=true
VP_TIM4_VS_ClockSourceINT.Signal=TIM4_VS_ClockSourceINT
ProjectManager.TargetToolchain=Makefile
Dma.USART1_RX.1.RequestParameters=Instance,Direction,PeriphInc,MemInc,PeriphDataAlignment,MemDataAlignment,Mode,Priority,FIFOMode
NVIC.DMA1_Stream5_IRQn=true\:1\:0\:true\:false\:true\:true\:false\:true
SH.S_TIM3_CH3.ConfNb=1
ADC1.Channel-2\#ChannelInjectedConversion=ADC_CHANNEL_2
VP_USB_DEVICE_VS_USB_DEVICE_CDC_FS.Mode=CDC_FS
PB2.GPIOParameters=PinState,GPIO_PuPd
ADC1.InjectedOffset-2\#ChannelInjectedConversion=0
Dma.USART3_TX.3.FIFOMode=DMA_FIFOMODE_DISABLE
Dma.USART3_TX.3.RequestParameters=Instance,Direction,PeriphInc,MemInc,PeriphDataAlignment,MemDataAlignment,Mode,Priority,FIFOMode
PE4.Locked=true
PC2.Locked=true
ProjectManager.RegisterCallBack=TIM,UART
RCC.PLLSAIoutputFreq_Value=192000000
PE11.Signal=S_TIM1_CH2
RCC.LSE_VALUE=32768
PD3.Locked=true
SH.S_TIM1_CH2.ConfNb=1
SH.S_TIM3_CH2.0=TIM3_CH2,Input_Capture2_from_TI2
ADC2.SamplingTime-12\#ChannelInjectedConversion=ADC_SAMPLETIME_15CYCLES
Dma.USART3_TX.3.Instance=DMA1_Stream3
Dma.USART1_TX.0.Mode=DMA_NORMAL
TIM1.Pulse-PWM\ Generation4\ No\ Output=1
PH0/OSC_IN.Signal=RCC_OSC_IN
NVIC.SavedSystickIrqHandlerGenerated=true
RCC.APB2Freq_Value=108000000
SH.S_TIM1_CH2.0=TIM1_CH2,PWM Generation2 CH2 CH2N
VP_TIM2_VS_ClockSourceINT.Mode=Internal
PC13.GPIOParameters=PinState,GPIO_PuPd
SH.ADCx_IN10.ConfNb=1
USART3.VirtualMode-Hardware\ Flow\ Control\ (RS485)=VM_ASYNC
SH.ADCx_IN15.ConfNb=1
PD14.GPIO_Label=LED_WARN
PC2.GPIO_PuPd=GPIO_PULLUP
PE6.Signal=GPIO_Output
Mcu.Name=STM32F745V(E-G)Tx
PB2.PinState=GPIO_PIN_SET
PA2.Signal=ADCx_IN2
ADC1.Channel-9\#ChannelRegularConversion=ADC_CHANNEL_15
VP_FREERTOS_VS_CMSIS_V2.Signal=FREERTOS_VS_CMSIS_V2
PD14.Signal=GPIO_Output
TIM1.TIM_MasterOutputTrigger2=TIM_TRGO2_UPDATE
Dma.ADC1.2.Priority=DMA_PRIORITY_HIGH
PA12.Mode=Device_Only
Dma.ADC1.2.PeriphInc=DMA_PINC_DISABLE
SH.ADCx_IN10.0=ADC2_IN10,IN10
ADC1.Rank-7\#ChannelRegularConversion=4
ADC2.ExternalTrigConvEdge=ADC_EXTERNALTRIGCONVEDGE_RISINGFALLING
Dma.USART3_RX.4.Direction=DMA_PERIPH_TO_MEMORY
ADC1.NbrOfConversionFlag=1
ADC2.Channel-8\#ChannelRegularConversion=ADC_CHANNEL_10
PB8.Signal=S_TIM4_CH3
ADC1.SamplingTime-7\#ChannelRegularConversion=ADC_SAMPLETIME_15CYCLES
PC9.Signal=GPIO_Output
Dma.USART2_RX.5.Direction=DMA_PERIPH_TO_MEMORY
RCC.APB1Freq_Value=54000000
PE15.PinState=GPIO_PIN_SET
Dma.ADC1.2.FIFOThreshold=DMA_FIFO_THRESHOLD_HALFFULL
ProjectManager.DeviceId=STM32F745VGTx
ProjectManager.LibraryCopy=0
SH.S_TIM5_CH1.ConfNb=1
ADC1.InjectedRank-2\#ChannelInjectedConversion=2
PA7.Signal=TIM8_CH1N
